// !$*UTF8*$!
{
	archiveVersion = 1;
	classes = {
	};
	objectVersion = 46;
	objects = {

/* Begin PBXBuildFile section */
		CE00B8991D19727700476901 /* empDetails.png in Resources */ = {isa = PBXBuildFile; fileRef = CE00B8981D19727700476901 /* empDetails.png */; };
		CE00B89D1D19731A00476901 /* EmpDetailsViewController.m in Sources */ = {isa = PBXBuildFile; fileRef = CE00B89B1D19731A00476901 /* EmpDetailsViewController.m */; };
		CE00B89E1D19731A00476901 /* EmpDetailsViewController.xib in Resources */ = {isa = PBXBuildFile; fileRef = CE00B89C1D19731A00476901 /* EmpDetailsViewController.xib */; };
		CE00B8A21D1989EB00476901 /* EmpDataViewController.m in Sources */ = {isa = PBXBuildFile; fileRef = CE00B8A01D1989EB00476901 /* EmpDataViewController.m */; };
		CE00B8A31D1989EB00476901 /* EmpDataViewController.xib in Resources */ = {isa = PBXBuildFile; fileRef = CE00B8A11D1989EB00476901 /* EmpDataViewController.xib */; };
		CE00B8A51D1993F600476901 /* pic.jpg in Resources */ = {isa = PBXBuildFile; fileRef = CE00B8A41D1993F600476901 /* pic.jpg */; };
		CE144A5B1D34CEFA003CE6D1 /* Launch Screen5.storyboard in Resources */ = {isa = PBXBuildFile; fileRef = CE144A5A1D34CEFA003CE6D1 /* Launch Screen5.storyboard */; };
		CE144A611D34E91F003CE6D1 /* ApprovedCellTableViewCell5.m in Sources */ = {isa = PBXBuildFile; fileRef = CE144A5F1D34E91F003CE6D1 /* ApprovedCellTableViewCell5.m */; };
		CE144A621D34E91F003CE6D1 /* ApprovedCellTableViewCell5.xib in Resources */ = {isa = PBXBuildFile; fileRef = CE144A601D34E91F003CE6D1 /* ApprovedCellTableViewCell5.xib */; };
		CE36D4EC1D0A86CC00AA1F88 /* ApprovalTableviewCell.m in Sources */ = {isa = PBXBuildFile; fileRef = CE36D4EA1D0A86CC00AA1F88 /* ApprovalTableviewCell.m */; };
		CE36D4ED1D0A86CC00AA1F88 /* ApprovalTableviewCell.xib in Resources */ = {isa = PBXBuildFile; fileRef = CE36D4EB1D0A86CC00AA1F88 /* ApprovalTableviewCell.xib */; };
		CE4EC4721CEB72BD0008D731 /* ApplicationStatusViewController.m in Sources */ = {isa = PBXBuildFile; fileRef = CE4EC4701CEB72BD0008D731 /* ApplicationStatusViewController.m */; };
		CE4EC4731CEB72BD0008D731 /* ApplicationStatusViewController.xib in Resources */ = {isa = PBXBuildFile; fileRef = CE4EC4711CEB72BD0008D731 /* ApplicationStatusViewController.xib */; };
		CE676B741CE4CA5C00D7B516 /* arrow-left_red.png in Resources */ = {isa = PBXBuildFile; fileRef = CE676B731CE4CA5C00D7B516 /* arrow-left_red.png */; };
		CE6917631D3E75C2000D9103 /* ChangePasswordsViewController.m in Sources */ = {isa = PBXBuildFile; fileRef = CE6917611D3E75C2000D9103 /* ChangePasswordsViewController.m */; };
		CE6917641D3E75C2000D9103 /* ChangePasswordsViewController.xib in Resources */ = {isa = PBXBuildFile; fileRef = CE6917621D3E75C2000D9103 /* ChangePasswordsViewController.xib */; };
		CE698CA81CEF1F5C00E91BE7 /* ApprovalViewController.m in Sources */ = {isa = PBXBuildFile; fileRef = CE698CA61CEF1F5C00E91BE7 /* ApprovalViewController.m */; };
		CE698CA91CEF1F5C00E91BE7 /* ApprovalViewController.xib in Resources */ = {isa = PBXBuildFile; fileRef = CE698CA71CEF1F5C00E91BE7 /* ApprovalViewController.xib */; };
		CE6CFC851D181692009C8538 /* pts_logo.png in Resources */ = {isa = PBXBuildFile; fileRef = CE6CFC841D181692009C8538 /* pts_logo.png */; };
		CE6CFC8B1D1821A1009C8538 /* YearHolidaysViewController.m in Sources */ = {isa = PBXBuildFile; fileRef = CE6CFC891D1821A1009C8538 /* YearHolidaysViewController.m */; };
		CE6CFC8C1D1821A1009C8538 /* YearHolidaysViewController.xib in Resources */ = {isa = PBXBuildFile; fileRef = CE6CFC8A1D1821A1009C8538 /* YearHolidaysViewController.xib */; };
		CE6CFC901D18277B009C8538 /* HolidaysViewController.m in Sources */ = {isa = PBXBuildFile; fileRef = CE6CFC8F1D18277B009C8538 /* HolidaysViewController.m */; };
		CE6E481F1CF6F0410062D73B /* CFNetwork.framework in Frameworks */ = {isa = PBXBuildFile; fileRef = CE6E481E1CF6F0410062D73B /* CFNetwork.framework */; };
		CE6E48211CF6F05A0062D73B /* MobileCoreServices.framework in Frameworks */ = {isa = PBXBuildFile; fileRef = CE6E48201CF6F05A0062D73B /* MobileCoreServices.framework */; };
		CE6E48231CF6F06E0062D73B /* CoreGraphics.framework in Frameworks */ = {isa = PBXBuildFile; fileRef = CE6E48221CF6F06E0062D73B /* CoreGraphics.framework */; };
		CE6E48271CF6F0860062D73B /* SystemConfiguration.framework in Frameworks */ = {isa = PBXBuildFile; fileRef = CE6E48261CF6F0860062D73B /* SystemConfiguration.framework */; };
		CE6E48291CF6F0FC0062D73B /* libz.1.2.5.tbd in Frameworks */ = {isa = PBXBuildFile; fileRef = CE6E48281CF6F0FC0062D73B /* libz.1.2.5.tbd */; };
		CE6E49231CF706620062D73B /* Foundation.framework in Frameworks */ = {isa = PBXBuildFile; fileRef = CE6E49221CF706620062D73B /* Foundation.framework */; };
		CE6E49251CF7066C0062D73B /* UIKit.framework in Frameworks */ = {isa = PBXBuildFile; fileRef = CE6E49241CF7066C0062D73B /* UIKit.framework */; };
		CE6E49271CF7076A0062D73B /* libz.1.dylib in Frameworks */ = {isa = PBXBuildFile; fileRef = CE6E49261CF7076A0062D73B /* libz.1.dylib */; };
		CE705E5B1CFDCA4E003243C0 /* HolidayCustomCellTableViewCell.m in Sources */ = {isa = PBXBuildFile; fileRef = CE705E591CFDCA4E003243C0 /* HolidayCustomCellTableViewCell.m */; };
		CE705E5C1CFDCA4E003243C0 /* HolidayCustomCellTableViewCell.xib in Resources */ = {isa = PBXBuildFile; fileRef = CE705E5A1CFDCA4E003243C0 /* HolidayCustomCellTableViewCell.xib */; };
		CE7230671D267E8B00048571 /* HRPlc.png in Resources */ = {isa = PBXBuildFile; fileRef = CE7230661D267E8B00048571 /* HRPlc.png */; };
		CE7309141D40A58E001CC5D7 /* setting.png in Resources */ = {isa = PBXBuildFile; fileRef = CE7309131D40A58E001CC5D7 /* setting.png */; };
		CE7313F01D1BF56A00C7116E /* ViewController_4s.xib in Resources */ = {isa = PBXBuildFile; fileRef = CE7313EF1D1BF56A00C7116E /* ViewController_4s.xib */; };
		CE7313F21D1BF65600C7116E /* ViewController_5s.xib in Resources */ = {isa = PBXBuildFile; fileRef = CE7313F11D1BF65600C7116E /* ViewController_5s.xib */; };
		CE74D1591D13E56400E0485D /* empApply.png in Resources */ = {isa = PBXBuildFile; fileRef = CE74D1581D13E56400E0485D /* empApply.png */; };
		CE74D15B1D13E57400E0485D /* empholiday.png in Resources */ = {isa = PBXBuildFile; fileRef = CE74D15A1D13E57400E0485D /* empholiday.png */; };
		CE74D15D1D13E59500E0485D /* managerview.png in Resources */ = {isa = PBXBuildFile; fileRef = CE74D15C1D13E59500E0485D /* managerview.png */; };
		CE74D15F1D13E5B600E0485D /* empAvailable.png in Resources */ = {isa = PBXBuildFile; fileRef = CE74D15E1D13E5B600E0485D /* empAvailable.png */; };
		CE74D1611D13F5E900E0485D /* Lhistory.png in Resources */ = {isa = PBXBuildFile; fileRef = CE74D1601D13F5E900E0485D /* Lhistory.png */; };
		CE74D1631D141D0B00E0485D /* emp.png in Resources */ = {isa = PBXBuildFile; fileRef = CE74D1621D141D0A00E0485D /* emp.png */; };
		CE74D1651D141DDB00E0485D /* user.png in Resources */ = {isa = PBXBuildFile; fileRef = CE74D1641D141DDB00E0485D /* user.png */; };
		CE74D1671D141E6300E0485D /* lock.png in Resources */ = {isa = PBXBuildFile; fileRef = CE74D1661D141E6300E0485D /* lock.png */; };
		CE74D1691D141E6900E0485D /* user1.png in Resources */ = {isa = PBXBuildFile; fileRef = CE74D1681D141E6900E0485D /* user1.png */; };
		CE74D16B1D141F3300E0485D /* user2.png in Resources */ = {isa = PBXBuildFile; fileRef = CE74D16A1D141F3300E0485D /* user2.png */; };
		CE762FAF1D2138F000E99B00 /* ApprovedCellTableViewCell.m in Sources */ = {isa = PBXBuildFile; fileRef = CE762FAD1D2138F000E99B00 /* ApprovedCellTableViewCell.m */; };
		CE762FB01D2138F000E99B00 /* ApprovedCellTableViewCell.xib in Resources */ = {isa = PBXBuildFile; fileRef = CE762FAE1D2138F000E99B00 /* ApprovedCellTableViewCell.xib */; };
		CE7C09681D13D158006228ED /* background.png in Resources */ = {isa = PBXBuildFile; fileRef = CE7C09671D13D158006228ED /* background.png */; };
		CE7E64391D1A74A100BD8BBB /* close.png in Resources */ = {isa = PBXBuildFile; fileRef = CE7E64381D1A74A100BD8BBB /* close.png */; };
		CE8E38E41D25726D00467E89 /* MessageUI.framework in Frameworks */ = {isa = PBXBuildFile; fileRef = CE8E38E31D25726C00467E89 /* MessageUI.framework */; };
		CE99CC101CF853340058CB24 /* DashboardViewController.m in Sources */ = {isa = PBXBuildFile; fileRef = CE99CC0E1CF853340058CB24 /* DashboardViewController.m */; };
		CE99CC111CF853340058CB24 /* DashboardViewController.xib in Resources */ = {isa = PBXBuildFile; fileRef = CE99CC0F1CF853340058CB24 /* DashboardViewController.xib */; };
		CEA20D3B1CE47D7F002B3656 /* main.m in Sources */ = {isa = PBXBuildFile; fileRef = CEA20D3A1CE47D7F002B3656 /* main.m */; };
		CEA20D3E1CE47D7F002B3656 /* AppDelegate.m in Sources */ = {isa = PBXBuildFile; fileRef = CEA20D3D1CE47D7F002B3656 /* AppDelegate.m */; };
		CEA20D461CE47D7F002B3656 /* Assets.xcassets in Resources */ = {isa = PBXBuildFile; fileRef = CEA20D451CE47D7F002B3656 /* Assets.xcassets */; };
		CEA20D491CE47D7F002B3656 /* LaunchScreen.storyboard in Resources */ = {isa = PBXBuildFile; fileRef = CEA20D471CE47D7F002B3656 /* LaunchScreen.storyboard */; };
		CEA20D541CE47D7F002B3656 /* LeaveManagementTests.m in Sources */ = {isa = PBXBuildFile; fileRef = CEA20D531CE47D7F002B3656 /* LeaveManagementTests.m */; };
		CEA20D5F1CE47D7F002B3656 /* LeaveManagementUITests.m in Sources */ = {isa = PBXBuildFile; fileRef = CEA20D5E1CE47D7F002B3656 /* LeaveManagementUITests.m */; };
		CEA20D6F1CE47E31002B3656 /* ViewController.m in Sources */ = {isa = PBXBuildFile; fileRef = CEA20D6D1CE47E31002B3656 /* ViewController.m */; };
		CEA20D701CE47E31002B3656 /* ViewController.xib in Resources */ = {isa = PBXBuildFile; fileRef = CEA20D6E1CE47E31002B3656 /* ViewController.xib */; };
		CEA5F6821CEDDC9500048553 /* login2.jpeg in Resources */ = {isa = PBXBuildFile; fileRef = CEA5F6811CEDDC9500048553 /* login2.jpeg */; };
		CEA5F6841CEDDDE900048553 /* smallButton.jpeg in Resources */ = {isa = PBXBuildFile; fileRef = CEA5F6831CEDDDE900048553 /* smallButton.jpeg */; };
		CEA5F6861CEDDE5500048553 /* logout.jpeg in Resources */ = {isa = PBXBuildFile; fileRef = CEA5F6851CEDDE5500048553 /* logout.jpeg */; };
		CEA5F6881CEDDEFF00048553 /* dropdown.jpeg in Resources */ = {isa = PBXBuildFile; fileRef = CEA5F6871CEDDEFF00048553 /* dropdown.jpeg */; };
		CEA6D5141D2A909B005628DF /* AvailableLeavesViewController.m in Sources */ = {isa = PBXBuildFile; fileRef = CEA6D5121D2A909B005628DF /* AvailableLeavesViewController.m */; };
		CEA6D5151D2A909B005628DF /* AvailableLeavesViewController.xib in Resources */ = {isa = PBXBuildFile; fileRef = CEA6D5131D2A909B005628DF /* AvailableLeavesViewController.xib */; };
		CEA90BCC1CE9AE4000AECA1A /* ApplyViewController.m in Sources */ = {isa = PBXBuildFile; fileRef = CEA90BCA1CE9AE4000AECA1A /* ApplyViewController.m */; };
		CEA90BCD1CE9AE4000AECA1A /* ApplyViewController.xib in Resources */ = {isa = PBXBuildFile; fileRef = CEA90BCB1CE9AE4000AECA1A /* ApplyViewController.xib */; };
		CEA90BD11CE9B69400AECA1A /* ApplyViewCustomCell.m in Sources */ = {isa = PBXBuildFile; fileRef = CEA90BCF1CE9B69400AECA1A /* ApplyViewCustomCell.m */; };
		CEA90BD21CE9B69400AECA1A /* ApplyViewCustomCell.xib in Resources */ = {isa = PBXBuildFile; fileRef = CEA90BD01CE9B69400AECA1A /* ApplyViewCustomCell.xib */; };
		CEF0FEE51CEC716600E40CD2 /* HolidaysViewController.xib in Resources */ = {isa = PBXBuildFile; fileRef = CEF0FEE31CEC716600E40CD2 /* HolidaysViewController.xib */; };
		CEF645BE1D1AC06700E4BF90 /* CXCalendarCellView.m in Sources */ = {isa = PBXBuildFile; fileRef = CEF645B31D1AC06700E4BF90 /* CXCalendarCellView.m */; settings = {COMPILER_FLAGS = "-fno-objc-arc"; }; };
		CEF645BF1D1AC06700E4BF90 /* CXCalendarView.m in Sources */ = {isa = PBXBuildFile; fileRef = CEF645B51D1AC06700E4BF90 /* CXCalendarView.m */; settings = {COMPILER_FLAGS = "-fno-objc-arc"; }; };
		CEF645C01D1AC06700E4BF90 /* CXMultidateCalendarView.m in Sources */ = {isa = PBXBuildFile; fileRef = CEF645B71D1AC06700E4BF90 /* CXMultidateCalendarView.m */; settings = {COMPILER_FLAGS = "-fno-objc-arc"; }; };
		CEF645C11D1AC06700E4BF90 /* UIButton+CXCalendar.m in Sources */ = {isa = PBXBuildFile; fileRef = CEF645B91D1AC06700E4BF90 /* UIButton+CXCalendar.m */; settings = {COMPILER_FLAGS = "-fno-objc-arc"; }; };
		CEF645C21D1AC06700E4BF90 /* UIColor+CXCalendar.m in Sources */ = {isa = PBXBuildFile; fileRef = CEF645BB1D1AC06700E4BF90 /* UIColor+CXCalendar.m */; settings = {COMPILER_FLAGS = "-fno-objc-arc"; }; };
		CEF645C31D1AC06700E4BF90 /* UILabel+CXCalendar.m in Sources */ = {isa = PBXBuildFile; fileRef = CEF645BD1D1AC06700E4BF90 /* UILabel+CXCalendar.m */; settings = {COMPILER_FLAGS = "-fno-objc-arc"; }; };
		CEF645F41D1AC0F100E4BF90 /* ASIAuthenticationDialog.m in Sources */ = {isa = PBXBuildFile; fileRef = CEF645C61D1AC0F100E4BF90 /* ASIAuthenticationDialog.m */; settings = {COMPILER_FLAGS = "-fno-objc-arc"; }; };
		CEF645F51D1AC0F100E4BF90 /* ASIDataCompressor.m in Sources */ = {isa = PBXBuildFile; fileRef = CEF645C91D1AC0F100E4BF90 /* ASIDataCompressor.m */; settings = {COMPILER_FLAGS = "-fno-objc-arc"; }; };
		CEF645F61D1AC0F100E4BF90 /* ASIDataDecompressor.m in Sources */ = {isa = PBXBuildFile; fileRef = CEF645CB1D1AC0F100E4BF90 /* ASIDataDecompressor.m */; settings = {COMPILER_FLAGS = "-fno-objc-arc"; }; };
		CEF645F71D1AC0F100E4BF90 /* ASIDownloadCache.m in Sources */ = {isa = PBXBuildFile; fileRef = CEF645CD1D1AC0F100E4BF90 /* ASIDownloadCache.m */; settings = {COMPILER_FLAGS = "-fno-objc-arc"; }; };
		CEF645F81D1AC0F100E4BF90 /* ASIFormDataRequest.m in Sources */ = {isa = PBXBuildFile; fileRef = CEF645CF1D1AC0F100E4BF90 /* ASIFormDataRequest.m */; settings = {COMPILER_FLAGS = "-fno-objc-arc"; }; };
		CEF645F91D1AC0F100E4BF90 /* ASIHTTPRequest.m in Sources */ = {isa = PBXBuildFile; fileRef = CEF645D11D1AC0F100E4BF90 /* ASIHTTPRequest.m */; settings = {COMPILER_FLAGS = "-fno-objc-arc"; }; };
		CEF645FA1D1AC0F100E4BF90 /* ASIInputStream.m in Sources */ = {isa = PBXBuildFile; fileRef = CEF645D51D1AC0F100E4BF90 /* ASIInputStream.m */; settings = {COMPILER_FLAGS = "-fno-objc-arc"; }; };
		CEF645FB1D1AC0F100E4BF90 /* ASINetworkQueue.m in Sources */ = {isa = PBXBuildFile; fileRef = CEF645D71D1AC0F100E4BF90 /* ASINetworkQueue.m */; settings = {COMPILER_FLAGS = "-fno-objc-arc"; }; };
		CEF645FC1D1AC0F100E4BF90 /* NSObject+SBJson.m in Sources */ = {isa = PBXBuildFile; fileRef = CEF645DA1D1AC0F100E4BF90 /* NSObject+SBJson.m */; settings = {COMPILER_FLAGS = "-fno-objc-arc"; }; };
		CEF645FD1D1AC0F100E4BF90 /* Reachability.m in Sources */ = {isa = PBXBuildFile; fileRef = CEF645DC1D1AC0F100E4BF90 /* Reachability.m */; settings = {COMPILER_FLAGS = "-fno-objc-arc"; }; };
		CEF645FE1D1AC0F100E4BF90 /* SBJsonParser.m in Sources */ = {isa = PBXBuildFile; fileRef = CEF645DF1D1AC0F100E4BF90 /* SBJsonParser.m */; settings = {COMPILER_FLAGS = "-fno-objc-arc"; }; };
		CEF645FF1D1AC0F100E4BF90 /* SBJsonStreamParser.m in Sources */ = {isa = PBXBuildFile; fileRef = CEF645E11D1AC0F100E4BF90 /* SBJsonStreamParser.m */; settings = {COMPILER_FLAGS = "-fno-objc-arc"; }; };
		CEF646001D1AC0F100E4BF90 /* SBJsonStreamParserAccumulator.m in Sources */ = {isa = PBXBuildFile; fileRef = CEF645E31D1AC0F100E4BF90 /* SBJsonStreamParserAccumulator.m */; settings = {COMPILER_FLAGS = "-fno-objc-arc"; }; };
		CEF646011D1AC0F100E4BF90 /* SBJsonStreamParserAdapter.m in Sources */ = {isa = PBXBuildFile; fileRef = CEF645E51D1AC0F100E4BF90 /* SBJsonStreamParserAdapter.m */; settings = {COMPILER_FLAGS = "-fno-objc-arc"; }; };
		CEF646021D1AC0F100E4BF90 /* SBJsonStreamParserState.m in Sources */ = {isa = PBXBuildFile; fileRef = CEF645E71D1AC0F100E4BF90 /* SBJsonStreamParserState.m */; settings = {COMPILER_FLAGS = "-fno-objc-arc"; }; };
		CEF646031D1AC0F100E4BF90 /* SBJsonStreamWriter.m in Sources */ = {isa = PBXBuildFile; fileRef = CEF645E91D1AC0F100E4BF90 /* SBJsonStreamWriter.m */; settings = {COMPILER_FLAGS = "-fno-objc-arc"; }; };
		CEF646041D1AC0F100E4BF90 /* SBJsonStreamWriterAccumulator.m in Sources */ = {isa = PBXBuildFile; fileRef = CEF645EB1D1AC0F100E4BF90 /* SBJsonStreamWriterAccumulator.m */; settings = {COMPILER_FLAGS = "-fno-objc-arc"; }; };
		CEF646051D1AC0F100E4BF90 /* SBJsonStreamWriterState.m in Sources */ = {isa = PBXBuildFile; fileRef = CEF645ED1D1AC0F100E4BF90 /* SBJsonStreamWriterState.m */; settings = {COMPILER_FLAGS = "-fno-objc-arc"; }; };
		CEF646061D1AC0F100E4BF90 /* SBJsonTokeniser.m in Sources */ = {isa = PBXBuildFile; fileRef = CEF645EF1D1AC0F100E4BF90 /* SBJsonTokeniser.m */; settings = {COMPILER_FLAGS = "-fno-objc-arc"; }; };
		CEF646071D1AC0F100E4BF90 /* SBJsonUTF8Stream.m in Sources */ = {isa = PBXBuildFile; fileRef = CEF645F11D1AC0F100E4BF90 /* SBJsonUTF8Stream.m */; settings = {COMPILER_FLAGS = "-fno-objc-arc"; }; };
		CEF646081D1AC0F100E4BF90 /* SBJsonWriter.m in Sources */ = {isa = PBXBuildFile; fileRef = CEF645F31D1AC0F100E4BF90 /* SBJsonWriter.m */; settings = {COMPILER_FLAGS = "-fno-objc-arc"; }; };
		CEF646651D1ACF8C00E4BF90 /* HRPoliciesViewController.m in Sources */ = {isa = PBXBuildFile; fileRef = CEF646631D1ACF8C00E4BF90 /* HRPoliciesViewController.m */; };
		CEF646661D1ACF8C00E4BF90 /* HRPoliciesViewController.xib in Resources */ = {isa = PBXBuildFile; fileRef = CEF646641D1ACF8C00E4BF90 /* HRPoliciesViewController.xib */; };
/* End PBXBuildFile section */

/* Begin PBXContainerItemProxy section */
		CEA20D501CE47D7F002B3656 /* PBXContainerItemProxy */ = {
			isa = PBXContainerItemProxy;
			containerPortal = CEA20D2E1CE47D7F002B3656 /* Project object */;
			proxyType = 1;
			remoteGlobalIDString = CEA20D351CE47D7F002B3656;
			remoteInfo = LeaveManagement;
		};
		CEA20D5B1CE47D7F002B3656 /* PBXContainerItemProxy */ = {
			isa = PBXContainerItemProxy;
			containerPortal = CEA20D2E1CE47D7F002B3656 /* Project object */;
			proxyType = 1;
			remoteGlobalIDString = CEA20D351CE47D7F002B3656;
			remoteInfo = LeaveManagement;
		};
/* End PBXContainerItemProxy section */

/* Begin PBXFileReference section */
		CE00B8981D19727700476901 /* empDetails.png */ = {isa = PBXFileReference; lastKnownFileType = image.png; path = empDetails.png; sourceTree = "<group>"; };
		CE00B89A1D19731A00476901 /* EmpDetailsViewController.h */ = {isa = PBXFileReference; fileEncoding = 4; lastKnownFileType = sourcecode.c.h; path = EmpDetailsViewController.h; sourceTree = "<group>"; };
		CE00B89B1D19731A00476901 /* EmpDetailsViewController.m */ = {isa = PBXFileReference; fileEncoding = 4; lastKnownFileType = sourcecode.c.objc; path = EmpDetailsViewController.m; sourceTree = "<group>"; };
		CE00B89C1D19731A00476901 /* EmpDetailsViewController.xib */ = {isa = PBXFileReference; fileEncoding = 4; lastKnownFileType = file.xib; path = EmpDetailsViewController.xib; sourceTree = "<group>"; };
		CE00B89F1D1989EB00476901 /* EmpDataViewController.h */ = {isa = PBXFileReference; fileEncoding = 4; lastKnownFileType = sourcecode.c.h; path = EmpDataViewController.h; sourceTree = "<group>"; };
		CE00B8A01D1989EB00476901 /* EmpDataViewController.m */ = {isa = PBXFileReference; fileEncoding = 4; lastKnownFileType = sourcecode.c.objc; path = EmpDataViewController.m; sourceTree = "<group>"; };
		CE00B8A11D1989EB00476901 /* EmpDataViewController.xib */ = {isa = PBXFileReference; fileEncoding = 4; lastKnownFileType = file.xib; path = EmpDataViewController.xib; sourceTree = "<group>"; };
		CE00B8A41D1993F600476901 /* pic.jpg */ = {isa = PBXFileReference; lastKnownFileType = image.jpeg; path = pic.jpg; sourceTree = "<group>"; };
		CE144A5A1D34CEFA003CE6D1 /* Launch Screen5.storyboard */ = {isa = PBXFileReference; fileEncoding = 4; lastKnownFileType = file.storyboard; path = "Launch Screen5.storyboard"; sourceTree = "<group>"; };
		CE144A5E1D34E91F003CE6D1 /* ApprovedCellTableViewCell5.h */ = {isa = PBXFileReference; fileEncoding = 4; lastKnownFileType = sourcecode.c.h; path = ApprovedCellTableViewCell5.h; sourceTree = "<group>"; };
		CE144A5F1D34E91F003CE6D1 /* ApprovedCellTableViewCell5.m */ = {isa = PBXFileReference; fileEncoding = 4; lastKnownFileType = sourcecode.c.objc; path = ApprovedCellTableViewCell5.m; sourceTree = "<group>"; };
		CE144A601D34E91F003CE6D1 /* ApprovedCellTableViewCell5.xib */ = {isa = PBXFileReference; fileEncoding = 4; lastKnownFileType = file.xib; path = ApprovedCellTableViewCell5.xib; sourceTree = "<group>"; };
		CE36D4E91D0A86CC00AA1F88 /* ApprovalTableviewCell.h */ = {isa = PBXFileReference; fileEncoding = 4; lastKnownFileType = sourcecode.c.h; path = ApprovalTableviewCell.h; sourceTree = "<group>"; };
		CE36D4EA1D0A86CC00AA1F88 /* ApprovalTableviewCell.m */ = {isa = PBXFileReference; fileEncoding = 4; lastKnownFileType = sourcecode.c.objc; path = ApprovalTableviewCell.m; sourceTree = "<group>"; };
		CE36D4EB1D0A86CC00AA1F88 /* ApprovalTableviewCell.xib */ = {isa = PBXFileReference; fileEncoding = 4; lastKnownFileType = file.xib; path = ApprovalTableviewCell.xib; sourceTree = "<group>"; };
		CE4EC46F1CEB72BD0008D731 /* ApplicationStatusViewController.h */ = {isa = PBXFileReference; fileEncoding = 4; lastKnownFileType = sourcecode.c.h; path = ApplicationStatusViewController.h; sourceTree = "<group>"; };
		CE4EC4701CEB72BD0008D731 /* ApplicationStatusViewController.m */ = {isa = PBXFileReference; fileEncoding = 4; lastKnownFileType = sourcecode.c.objc; path = ApplicationStatusViewController.m; sourceTree = "<group>"; };
		CE4EC4711CEB72BD0008D731 /* ApplicationStatusViewController.xib */ = {isa = PBXFileReference; fileEncoding = 4; lastKnownFileType = file.xib; path = ApplicationStatusViewController.xib; sourceTree = "<group>"; };
		CE676B731CE4CA5C00D7B516 /* arrow-left_red.png */ = {isa = PBXFileReference; lastKnownFileType = image.png; path = "arrow-left_red.png"; sourceTree = "<group>"; };
		CE6917601D3E75C2000D9103 /* ChangePasswordsViewController.h */ = {isa = PBXFileReference; fileEncoding = 4; lastKnownFileType = sourcecode.c.h; path = ChangePasswordsViewController.h; sourceTree = "<group>"; };
		CE6917611D3E75C2000D9103 /* ChangePasswordsViewController.m */ = {isa = PBXFileReference; fileEncoding = 4; lastKnownFileType = sourcecode.c.objc; path = ChangePasswordsViewController.m; sourceTree = "<group>"; };
		CE6917621D3E75C2000D9103 /* ChangePasswordsViewController.xib */ = {isa = PBXFileReference; fileEncoding = 4; lastKnownFileType = file.xib; path = ChangePasswordsViewController.xib; sourceTree = "<group>"; };
		CE698CA51CEF1F5C00E91BE7 /* ApprovalViewController.h */ = {isa = PBXFileReference; fileEncoding = 4; lastKnownFileType = sourcecode.c.h; path = ApprovalViewController.h; sourceTree = "<group>"; };
		CE698CA61CEF1F5C00E91BE7 /* ApprovalViewController.m */ = {isa = PBXFileReference; fileEncoding = 4; lastKnownFileType = sourcecode.c.objc; path = ApprovalViewController.m; sourceTree = "<group>"; };
		CE698CA71CEF1F5C00E91BE7 /* ApprovalViewController.xib */ = {isa = PBXFileReference; fileEncoding = 4; lastKnownFileType = file.xib; path = ApprovalViewController.xib; sourceTree = "<group>"; };
		CE6CFC841D181692009C8538 /* pts_logo.png */ = {isa = PBXFileReference; lastKnownFileType = image.png; path = pts_logo.png; sourceTree = "<group>"; };
		CE6CFC881D1821A1009C8538 /* YearHolidaysViewController.h */ = {isa = PBXFileReference; fileEncoding = 4; lastKnownFileType = sourcecode.c.h; path = YearHolidaysViewController.h; sourceTree = "<group>"; };
		CE6CFC891D1821A1009C8538 /* YearHolidaysViewController.m */ = {isa = PBXFileReference; fileEncoding = 4; lastKnownFileType = sourcecode.c.objc; path = YearHolidaysViewController.m; sourceTree = "<group>"; };
		CE6CFC8A1D1821A1009C8538 /* YearHolidaysViewController.xib */ = {isa = PBXFileReference; fileEncoding = 4; lastKnownFileType = file.xib; path = YearHolidaysViewController.xib; sourceTree = "<group>"; };
		CE6CFC8F1D18277B009C8538 /* HolidaysViewController.m */ = {isa = PBXFileReference; fileEncoding = 4; lastKnownFileType = sourcecode.c.objc; path = HolidaysViewController.m; sourceTree = "<group>"; };
		CE6E481E1CF6F0410062D73B /* CFNetwork.framework */ = {isa = PBXFileReference; lastKnownFileType = wrapper.framework; name = CFNetwork.framework; path = System/Library/Frameworks/CFNetwork.framework; sourceTree = SDKROOT; };
		CE6E48201CF6F05A0062D73B /* MobileCoreServices.framework */ = {isa = PBXFileReference; lastKnownFileType = wrapper.framework; name = MobileCoreServices.framework; path = System/Library/Frameworks/MobileCoreServices.framework; sourceTree = SDKROOT; };
		CE6E48221CF6F06E0062D73B /* CoreGraphics.framework */ = {isa = PBXFileReference; lastKnownFileType = wrapper.framework; name = CoreGraphics.framework; path = System/Library/Frameworks/CoreGraphics.framework; sourceTree = SDKROOT; };
		CE6E48241CF6F07C0062D73B /* Security.framework */ = {isa = PBXFileReference; lastKnownFileType = wrapper.framework; name = Security.framework; path = System/Library/Frameworks/Security.framework; sourceTree = SDKROOT; };
		CE6E48261CF6F0860062D73B /* SystemConfiguration.framework */ = {isa = PBXFileReference; lastKnownFileType = wrapper.framework; name = SystemConfiguration.framework; path = System/Library/Frameworks/SystemConfiguration.framework; sourceTree = SDKROOT; };
		CE6E48281CF6F0FC0062D73B /* libz.1.2.5.tbd */ = {isa = PBXFileReference; lastKnownFileType = "sourcecode.text-based-dylib-definition"; name = libz.1.2.5.tbd; path = usr/lib/libz.1.2.5.tbd; sourceTree = SDKROOT; };
		CE6E49221CF706620062D73B /* Foundation.framework */ = {isa = PBXFileReference; lastKnownFileType = wrapper.framework; name = Foundation.framework; path = System/Library/Frameworks/Foundation.framework; sourceTree = SDKROOT; };
		CE6E49241CF7066C0062D73B /* UIKit.framework */ = {isa = PBXFileReference; lastKnownFileType = wrapper.framework; name = UIKit.framework; path = System/Library/Frameworks/UIKit.framework; sourceTree = SDKROOT; };
		CE6E49261CF7076A0062D73B /* libz.1.dylib */ = {isa = PBXFileReference; lastKnownFileType = "compiled.mach-o.dylib"; name = libz.1.dylib; path = ../../../../../usr/lib/libz.1.dylib; sourceTree = "<group>"; };
		CE705E581CFDCA4E003243C0 /* HolidayCustomCellTableViewCell.h */ = {isa = PBXFileReference; fileEncoding = 4; lastKnownFileType = sourcecode.c.h; path = HolidayCustomCellTableViewCell.h; sourceTree = "<group>"; };
		CE705E591CFDCA4E003243C0 /* HolidayCustomCellTableViewCell.m */ = {isa = PBXFileReference; fileEncoding = 4; lastKnownFileType = sourcecode.c.objc; path = HolidayCustomCellTableViewCell.m; sourceTree = "<group>"; };
		CE705E5A1CFDCA4E003243C0 /* HolidayCustomCellTableViewCell.xib */ = {isa = PBXFileReference; fileEncoding = 4; lastKnownFileType = file.xib; path = HolidayCustomCellTableViewCell.xib; sourceTree = "<group>"; };
		CE7230661D267E8B00048571 /* HRPlc.png */ = {isa = PBXFileReference; lastKnownFileType = image.png; path = HRPlc.png; sourceTree = "<group>"; };
		CE7309131D40A58E001CC5D7 /* setting.png */ = {isa = PBXFileReference; lastKnownFileType = image.png; path = setting.png; sourceTree = "<group>"; };
		CE7313EF1D1BF56A00C7116E /* ViewController_4s.xib */ = {isa = PBXFileReference; fileEncoding = 4; lastKnownFileType = file.xib; path = ViewController_4s.xib; sourceTree = "<group>"; };
		CE7313F11D1BF65600C7116E /* ViewController_5s.xib */ = {isa = PBXFileReference; fileEncoding = 4; lastKnownFileType = file.xib; path = ViewController_5s.xib; sourceTree = "<group>"; };
		CE74D1581D13E56400E0485D /* empApply.png */ = {isa = PBXFileReference; lastKnownFileType = image.png; path = empApply.png; sourceTree = "<group>"; };
		CE74D15A1D13E57400E0485D /* empholiday.png */ = {isa = PBXFileReference; lastKnownFileType = image.png; path = empholiday.png; sourceTree = "<group>"; };
		CE74D15C1D13E59500E0485D /* managerview.png */ = {isa = PBXFileReference; lastKnownFileType = image.png; path = managerview.png; sourceTree = "<group>"; };
		CE74D15E1D13E5B600E0485D /* empAvailable.png */ = {isa = PBXFileReference; lastKnownFileType = image.png; path = empAvailable.png; sourceTree = "<group>"; };
		CE74D1601D13F5E900E0485D /* Lhistory.png */ = {isa = PBXFileReference; lastKnownFileType = image.png; path = Lhistory.png; sourceTree = "<group>"; };
		CE74D1621D141D0A00E0485D /* emp.png */ = {isa = PBXFileReference; lastKnownFileType = image.png; path = emp.png; sourceTree = "<group>"; };
		CE74D1641D141DDB00E0485D /* user.png */ = {isa = PBXFileReference; lastKnownFileType = image.png; path = user.png; sourceTree = "<group>"; };
		CE74D1661D141E6300E0485D /* lock.png */ = {isa = PBXFileReference; lastKnownFileType = image.png; path = lock.png; sourceTree = "<group>"; };
		CE74D1681D141E6900E0485D /* user1.png */ = {isa = PBXFileReference; lastKnownFileType = image.png; path = user1.png; sourceTree = "<group>"; };
		CE74D16A1D141F3300E0485D /* user2.png */ = {isa = PBXFileReference; lastKnownFileType = image.png; path = user2.png; sourceTree = "<group>"; };
		CE762FAC1D2138EF00E99B00 /* ApprovedCellTableViewCell.h */ = {isa = PBXFileReference; fileEncoding = 4; lastKnownFileType = sourcecode.c.h; path = ApprovedCellTableViewCell.h; sourceTree = "<group>"; };
		CE762FAD1D2138F000E99B00 /* ApprovedCellTableViewCell.m */ = {isa = PBXFileReference; fileEncoding = 4; lastKnownFileType = sourcecode.c.objc; path = ApprovedCellTableViewCell.m; sourceTree = "<group>"; };
		CE762FAE1D2138F000E99B00 /* ApprovedCellTableViewCell.xib */ = {isa = PBXFileReference; fileEncoding = 4; lastKnownFileType = file.xib; path = ApprovedCellTableViewCell.xib; sourceTree = "<group>"; };
		CE7C09671D13D158006228ED /* background.png */ = {isa = PBXFileReference; lastKnownFileType = image.png; path = background.png; sourceTree = "<group>"; };
		CE7E64381D1A74A100BD8BBB /* close.png */ = {isa = PBXFileReference; lastKnownFileType = image.png; path = close.png; sourceTree = "<group>"; };
		CE8E38E31D25726C00467E89 /* MessageUI.framework */ = {isa = PBXFileReference; lastKnownFileType = wrapper.framework; name = MessageUI.framework; path = System/Library/Frameworks/MessageUI.framework; sourceTree = SDKROOT; };
		CE99CC0D1CF853340058CB24 /* DashboardViewController.h */ = {isa = PBXFileReference; fileEncoding = 4; lastKnownFileType = sourcecode.c.h; path = DashboardViewController.h; sourceTree = "<group>"; };
		CE99CC0E1CF853340058CB24 /* DashboardViewController.m */ = {isa = PBXFileReference; fileEncoding = 4; lastKnownFileType = sourcecode.c.objc; path = DashboardViewController.m; sourceTree = "<group>"; };
		CE99CC0F1CF853340058CB24 /* DashboardViewController.xib */ = {isa = PBXFileReference; fileEncoding = 4; lastKnownFileType = file.xib; path = DashboardViewController.xib; sourceTree = "<group>"; };
		CEA20D361CE47D7F002B3656 /* LeaveManagement.app */ = {isa = PBXFileReference; explicitFileType = wrapper.application; includeInIndex = 0; path = LeaveManagement.app; sourceTree = BUILT_PRODUCTS_DIR; };
		CEA20D3A1CE47D7F002B3656 /* main.m */ = {isa = PBXFileReference; lastKnownFileType = sourcecode.c.objc; path = main.m; sourceTree = "<group>"; };
		CEA20D3C1CE47D7F002B3656 /* AppDelegate.h */ = {isa = PBXFileReference; lastKnownFileType = sourcecode.c.h; path = AppDelegate.h; sourceTree = "<group>"; };
		CEA20D3D1CE47D7F002B3656 /* AppDelegate.m */ = {isa = PBXFileReference; lastKnownFileType = sourcecode.c.objc; path = AppDelegate.m; sourceTree = "<group>"; };
		CEA20D451CE47D7F002B3656 /* Assets.xcassets */ = {isa = PBXFileReference; lastKnownFileType = folder.assetcatalog; path = Assets.xcassets; sourceTree = "<group>"; };
		CEA20D481CE47D7F002B3656 /* Base */ = {isa = PBXFileReference; lastKnownFileType = file.storyboard; name = Base; path = Base.lproj/LaunchScreen.storyboard; sourceTree = "<group>"; };
		CEA20D4A1CE47D7F002B3656 /* Info.plist */ = {isa = PBXFileReference; lastKnownFileType = text.plist.xml; path = Info.plist; sourceTree = "<group>"; };
		CEA20D4F1CE47D7F002B3656 /* LeaveManagementTests.xctest */ = {isa = PBXFileReference; explicitFileType = wrapper.cfbundle; includeInIndex = 0; path = LeaveManagementTests.xctest; sourceTree = BUILT_PRODUCTS_DIR; };
		CEA20D531CE47D7F002B3656 /* LeaveManagementTests.m */ = {isa = PBXFileReference; lastKnownFileType = sourcecode.c.objc; path = LeaveManagementTests.m; sourceTree = "<group>"; };
		CEA20D551CE47D7F002B3656 /* Info.plist */ = {isa = PBXFileReference; lastKnownFileType = text.plist.xml; path = Info.plist; sourceTree = "<group>"; };
		CEA20D5A1CE47D7F002B3656 /* LeaveManagementUITests.xctest */ = {isa = PBXFileReference; explicitFileType = wrapper.cfbundle; includeInIndex = 0; path = LeaveManagementUITests.xctest; sourceTree = BUILT_PRODUCTS_DIR; };
		CEA20D5E1CE47D7F002B3656 /* LeaveManagementUITests.m */ = {isa = PBXFileReference; lastKnownFileType = sourcecode.c.objc; path = LeaveManagementUITests.m; sourceTree = "<group>"; };
		CEA20D601CE47D7F002B3656 /* Info.plist */ = {isa = PBXFileReference; lastKnownFileType = text.plist.xml; path = Info.plist; sourceTree = "<group>"; };
		CEA20D6C1CE47E31002B3656 /* ViewController.h */ = {isa = PBXFileReference; fileEncoding = 4; lastKnownFileType = sourcecode.c.h; path = ViewController.h; sourceTree = "<group>"; };
		CEA20D6D1CE47E31002B3656 /* ViewController.m */ = {isa = PBXFileReference; fileEncoding = 4; lastKnownFileType = sourcecode.c.objc; path = ViewController.m; sourceTree = "<group>"; };
		CEA20D6E1CE47E31002B3656 /* ViewController.xib */ = {isa = PBXFileReference; fileEncoding = 4; lastKnownFileType = file.xib; path = ViewController.xib; sourceTree = "<group>"; };
		CEA5F6811CEDDC9500048553 /* login2.jpeg */ = {isa = PBXFileReference; lastKnownFileType = image.jpeg; path = login2.jpeg; sourceTree = "<group>"; };
		CEA5F6831CEDDDE900048553 /* smallButton.jpeg */ = {isa = PBXFileReference; lastKnownFileType = image.jpeg; path = smallButton.jpeg; sourceTree = "<group>"; };
		CEA5F6851CEDDE5500048553 /* logout.jpeg */ = {isa = PBXFileReference; lastKnownFileType = image.jpeg; path = logout.jpeg; sourceTree = "<group>"; };
		CEA5F6871CEDDEFF00048553 /* dropdown.jpeg */ = {isa = PBXFileReference; lastKnownFileType = image.jpeg; path = dropdown.jpeg; sourceTree = "<group>"; };
		CEA6D5111D2A909B005628DF /* AvailableLeavesViewController.h */ = {isa = PBXFileReference; fileEncoding = 4; lastKnownFileType = sourcecode.c.h; path = AvailableLeavesViewController.h; sourceTree = "<group>"; };
		CEA6D5121D2A909B005628DF /* AvailableLeavesViewController.m */ = {isa = PBXFileReference; fileEncoding = 4; lastKnownFileType = sourcecode.c.objc; path = AvailableLeavesViewController.m; sourceTree = "<group>"; };
		CEA6D5131D2A909B005628DF /* AvailableLeavesViewController.xib */ = {isa = PBXFileReference; fileEncoding = 4; lastKnownFileType = file.xib; path = AvailableLeavesViewController.xib; sourceTree = "<group>"; };
		CEA90BC91CE9AE4000AECA1A /* ApplyViewController.h */ = {isa = PBXFileReference; fileEncoding = 4; lastKnownFileType = sourcecode.c.h; path = ApplyViewController.h; sourceTree = "<group>"; };
		CEA90BCA1CE9AE4000AECA1A /* ApplyViewController.m */ = {isa = PBXFileReference; fileEncoding = 4; lastKnownFileType = sourcecode.c.objc; path = ApplyViewController.m; sourceTree = "<group>"; };
		CEA90BCB1CE9AE4000AECA1A /* ApplyViewController.xib */ = {isa = PBXFileReference; fileEncoding = 4; lastKnownFileType = file.xib; path = ApplyViewController.xib; sourceTree = "<group>"; };
		CEA90BCE1CE9B69400AECA1A /* ApplyViewCustomCell.h */ = {isa = PBXFileReference; fileEncoding = 4; lastKnownFileType = sourcecode.c.h; path = ApplyViewCustomCell.h; sourceTree = "<group>"; };
		CEA90BCF1CE9B69400AECA1A /* ApplyViewCustomCell.m */ = {isa = PBXFileReference; fileEncoding = 4; lastKnownFileType = sourcecode.c.objc; path = ApplyViewCustomCell.m; sourceTree = "<group>"; };
		CEA90BD01CE9B69400AECA1A /* ApplyViewCustomCell.xib */ = {isa = PBXFileReference; fileEncoding = 4; lastKnownFileType = file.xib; path = ApplyViewCustomCell.xib; sourceTree = "<group>"; };
		CEF0FEE11CEC716600E40CD2 /* HolidaysViewController.h */ = {isa = PBXFileReference; fileEncoding = 4; lastKnownFileType = sourcecode.c.h; path = HolidaysViewController.h; sourceTree = "<group>"; };
		CEF0FEE31CEC716600E40CD2 /* HolidaysViewController.xib */ = {isa = PBXFileReference; fileEncoding = 4; lastKnownFileType = file.xib; path = HolidaysViewController.xib; sourceTree = "<group>"; };
		CEF645B11D1AC06700E4BF90 /* Calendar-Prefix.pch */ = {isa = PBXFileReference; fileEncoding = 4; lastKnownFileType = sourcecode.c.h; path = "Calendar-Prefix.pch"; sourceTree = "<group>"; };
		CEF645B21D1AC06700E4BF90 /* CXCalendarCellView.h */ = {isa = PBXFileReference; fileEncoding = 4; lastKnownFileType = sourcecode.c.h; path = CXCalendarCellView.h; sourceTree = "<group>"; };
		CEF645B31D1AC06700E4BF90 /* CXCalendarCellView.m */ = {isa = PBXFileReference; fileEncoding = 4; lastKnownFileType = sourcecode.c.objc; path = CXCalendarCellView.m; sourceTree = "<group>"; };
		CEF645B41D1AC06700E4BF90 /* CXCalendarView.h */ = {isa = PBXFileReference; fileEncoding = 4; lastKnownFileType = sourcecode.c.h; path = CXCalendarView.h; sourceTree = "<group>"; };
		CEF645B51D1AC06700E4BF90 /* CXCalendarView.m */ = {isa = PBXFileReference; fileEncoding = 4; lastKnownFileType = sourcecode.c.objc; path = CXCalendarView.m; sourceTree = "<group>"; };
		CEF645B61D1AC06700E4BF90 /* CXMultidateCalendarView.h */ = {isa = PBXFileReference; fileEncoding = 4; lastKnownFileType = sourcecode.c.h; path = CXMultidateCalendarView.h; sourceTree = "<group>"; };
		CEF645B71D1AC06700E4BF90 /* CXMultidateCalendarView.m */ = {isa = PBXFileReference; fileEncoding = 4; lastKnownFileType = sourcecode.c.objc; path = CXMultidateCalendarView.m; sourceTree = "<group>"; };
		CEF645B81D1AC06700E4BF90 /* UIButton+CXCalendar.h */ = {isa = PBXFileReference; fileEncoding = 4; lastKnownFileType = sourcecode.c.h; path = "UIButton+CXCalendar.h"; sourceTree = "<group>"; };
		CEF645B91D1AC06700E4BF90 /* UIButton+CXCalendar.m */ = {isa = PBXFileReference; fileEncoding = 4; lastKnownFileType = sourcecode.c.objc; path = "UIButton+CXCalendar.m"; sourceTree = "<group>"; };
		CEF645BA1D1AC06700E4BF90 /* UIColor+CXCalendar.h */ = {isa = PBXFileReference; fileEncoding = 4; lastKnownFileType = sourcecode.c.h; path = "UIColor+CXCalendar.h"; sourceTree = "<group>"; };
		CEF645BB1D1AC06700E4BF90 /* UIColor+CXCalendar.m */ = {isa = PBXFileReference; fileEncoding = 4; lastKnownFileType = sourcecode.c.objc; path = "UIColor+CXCalendar.m"; sourceTree = "<group>"; };
		CEF645BC1D1AC06700E4BF90 /* UILabel+CXCalendar.h */ = {isa = PBXFileReference; fileEncoding = 4; lastKnownFileType = sourcecode.c.h; path = "UILabel+CXCalendar.h"; sourceTree = "<group>"; };
		CEF645BD1D1AC06700E4BF90 /* UILabel+CXCalendar.m */ = {isa = PBXFileReference; fileEncoding = 4; lastKnownFileType = sourcecode.c.objc; path = "UILabel+CXCalendar.m"; sourceTree = "<group>"; };
		CEF645C51D1AC0F100E4BF90 /* ASIAuthenticationDialog.h */ = {isa = PBXFileReference; fileEncoding = 4; lastKnownFileType = sourcecode.c.h; path = ASIAuthenticationDialog.h; sourceTree = "<group>"; };
		CEF645C61D1AC0F100E4BF90 /* ASIAuthenticationDialog.m */ = {isa = PBXFileReference; fileEncoding = 4; lastKnownFileType = sourcecode.c.objc; path = ASIAuthenticationDialog.m; sourceTree = "<group>"; };
		CEF645C71D1AC0F100E4BF90 /* ASICacheDelegate.h */ = {isa = PBXFileReference; fileEncoding = 4; lastKnownFileType = sourcecode.c.h; path = ASICacheDelegate.h; sourceTree = "<group>"; };
		CEF645C81D1AC0F100E4BF90 /* ASIDataCompressor.h */ = {isa = PBXFileReference; fileEncoding = 4; lastKnownFileType = sourcecode.c.h; path = ASIDataCompressor.h; sourceTree = "<group>"; };
		CEF645C91D1AC0F100E4BF90 /* ASIDataCompressor.m */ = {isa = PBXFileReference; fileEncoding = 4; lastKnownFileType = sourcecode.c.objc; path = ASIDataCompressor.m; sourceTree = "<group>"; };
		CEF645CA1D1AC0F100E4BF90 /* ASIDataDecompressor.h */ = {isa = PBXFileReference; fileEncoding = 4; lastKnownFileType = sourcecode.c.h; path = ASIDataDecompressor.h; sourceTree = "<group>"; };
		CEF645CB1D1AC0F100E4BF90 /* ASIDataDecompressor.m */ = {isa = PBXFileReference; fileEncoding = 4; lastKnownFileType = sourcecode.c.objc; path = ASIDataDecompressor.m; sourceTree = "<group>"; };
		CEF645CC1D1AC0F100E4BF90 /* ASIDownloadCache.h */ = {isa = PBXFileReference; fileEncoding = 4; lastKnownFileType = sourcecode.c.h; path = ASIDownloadCache.h; sourceTree = "<group>"; };
		CEF645CD1D1AC0F100E4BF90 /* ASIDownloadCache.m */ = {isa = PBXFileReference; fileEncoding = 4; lastKnownFileType = sourcecode.c.objc; path = ASIDownloadCache.m; sourceTree = "<group>"; };
		CEF645CE1D1AC0F100E4BF90 /* ASIFormDataRequest.h */ = {isa = PBXFileReference; fileEncoding = 4; lastKnownFileType = sourcecode.c.h; path = ASIFormDataRequest.h; sourceTree = "<group>"; };
		CEF645CF1D1AC0F100E4BF90 /* ASIFormDataRequest.m */ = {isa = PBXFileReference; fileEncoding = 4; lastKnownFileType = sourcecode.c.objc; path = ASIFormDataRequest.m; sourceTree = "<group>"; };
		CEF645D01D1AC0F100E4BF90 /* ASIHTTPRequest.h */ = {isa = PBXFileReference; fileEncoding = 4; lastKnownFileType = sourcecode.c.h; path = ASIHTTPRequest.h; sourceTree = "<group>"; };
		CEF645D11D1AC0F100E4BF90 /* ASIHTTPRequest.m */ = {isa = PBXFileReference; fileEncoding = 4; lastKnownFileType = sourcecode.c.objc; path = ASIHTTPRequest.m; sourceTree = "<group>"; };
		CEF645D21D1AC0F100E4BF90 /* ASIHTTPRequestConfig.h */ = {isa = PBXFileReference; fileEncoding = 4; lastKnownFileType = sourcecode.c.h; path = ASIHTTPRequestConfig.h; sourceTree = "<group>"; };
		CEF645D31D1AC0F100E4BF90 /* ASIHTTPRequestDelegate.h */ = {isa = PBXFileReference; fileEncoding = 4; lastKnownFileType = sourcecode.c.h; path = ASIHTTPRequestDelegate.h; sourceTree = "<group>"; };
		CEF645D41D1AC0F100E4BF90 /* ASIInputStream.h */ = {isa = PBXFileReference; fileEncoding = 4; lastKnownFileType = sourcecode.c.h; path = ASIInputStream.h; sourceTree = "<group>"; };
		CEF645D51D1AC0F100E4BF90 /* ASIInputStream.m */ = {isa = PBXFileReference; fileEncoding = 4; lastKnownFileType = sourcecode.c.objc; path = ASIInputStream.m; sourceTree = "<group>"; };
		CEF645D61D1AC0F100E4BF90 /* ASINetworkQueue.h */ = {isa = PBXFileReference; fileEncoding = 4; lastKnownFileType = sourcecode.c.h; path = ASINetworkQueue.h; sourceTree = "<group>"; };
		CEF645D71D1AC0F100E4BF90 /* ASINetworkQueue.m */ = {isa = PBXFileReference; fileEncoding = 4; lastKnownFileType = sourcecode.c.objc; path = ASINetworkQueue.m; sourceTree = "<group>"; };
		CEF645D81D1AC0F100E4BF90 /* ASIProgressDelegate.h */ = {isa = PBXFileReference; fileEncoding = 4; lastKnownFileType = sourcecode.c.h; path = ASIProgressDelegate.h; sourceTree = "<group>"; };
		CEF645D91D1AC0F100E4BF90 /* NSObject+SBJson.h */ = {isa = PBXFileReference; fileEncoding = 4; lastKnownFileType = sourcecode.c.h; path = "NSObject+SBJson.h"; sourceTree = "<group>"; };
		CEF645DA1D1AC0F100E4BF90 /* NSObject+SBJson.m */ = {isa = PBXFileReference; fileEncoding = 4; lastKnownFileType = sourcecode.c.objc; path = "NSObject+SBJson.m"; sourceTree = "<group>"; };
		CEF645DB1D1AC0F100E4BF90 /* Reachability.h */ = {isa = PBXFileReference; fileEncoding = 4; lastKnownFileType = sourcecode.c.h; path = Reachability.h; sourceTree = "<group>"; };
		CEF645DC1D1AC0F100E4BF90 /* Reachability.m */ = {isa = PBXFileReference; fileEncoding = 4; lastKnownFileType = sourcecode.c.objc; path = Reachability.m; sourceTree = "<group>"; };
		CEF645DD1D1AC0F100E4BF90 /* SBJson.h */ = {isa = PBXFileReference; fileEncoding = 4; lastKnownFileType = sourcecode.c.h; path = SBJson.h; sourceTree = "<group>"; };
		CEF645DE1D1AC0F100E4BF90 /* SBJsonParser.h */ = {isa = PBXFileReference; fileEncoding = 4; lastKnownFileType = sourcecode.c.h; path = SBJsonParser.h; sourceTree = "<group>"; };
		CEF645DF1D1AC0F100E4BF90 /* SBJsonParser.m */ = {isa = PBXFileReference; fileEncoding = 4; lastKnownFileType = sourcecode.c.objc; path = SBJsonParser.m; sourceTree = "<group>"; };
		CEF645E01D1AC0F100E4BF90 /* SBJsonStreamParser.h */ = {isa = PBXFileReference; fileEncoding = 4; lastKnownFileType = sourcecode.c.h; path = SBJsonStreamParser.h; sourceTree = "<group>"; };
		CEF645E11D1AC0F100E4BF90 /* SBJsonStreamParser.m */ = {isa = PBXFileReference; fileEncoding = 4; lastKnownFileType = sourcecode.c.objc; path = SBJsonStreamParser.m; sourceTree = "<group>"; };
		CEF645E21D1AC0F100E4BF90 /* SBJsonStreamParserAccumulator.h */ = {isa = PBXFileReference; fileEncoding = 4; lastKnownFileType = sourcecode.c.h; path = SBJsonStreamParserAccumulator.h; sourceTree = "<group>"; };
		CEF645E31D1AC0F100E4BF90 /* SBJsonStreamParserAccumulator.m */ = {isa = PBXFileReference; fileEncoding = 4; lastKnownFileType = sourcecode.c.objc; path = SBJsonStreamParserAccumulator.m; sourceTree = "<group>"; };
		CEF645E41D1AC0F100E4BF90 /* SBJsonStreamParserAdapter.h */ = {isa = PBXFileReference; fileEncoding = 4; lastKnownFileType = sourcecode.c.h; path = SBJsonStreamParserAdapter.h; sourceTree = "<group>"; };
		CEF645E51D1AC0F100E4BF90 /* SBJsonStreamParserAdapter.m */ = {isa = PBXFileReference; fileEncoding = 4; lastKnownFileType = sourcecode.c.objc; path = SBJsonStreamParserAdapter.m; sourceTree = "<group>"; };
		CEF645E61D1AC0F100E4BF90 /* SBJsonStreamParserState.h */ = {isa = PBXFileReference; fileEncoding = 4; lastKnownFileType = sourcecode.c.h; path = SBJsonStreamParserState.h; sourceTree = "<group>"; };
		CEF645E71D1AC0F100E4BF90 /* SBJsonStreamParserState.m */ = {isa = PBXFileReference; fileEncoding = 4; lastKnownFileType = sourcecode.c.objc; path = SBJsonStreamParserState.m; sourceTree = "<group>"; };
		CEF645E81D1AC0F100E4BF90 /* SBJsonStreamWriter.h */ = {isa = PBXFileReference; fileEncoding = 4; lastKnownFileType = sourcecode.c.h; path = SBJsonStreamWriter.h; sourceTree = "<group>"; };
		CEF645E91D1AC0F100E4BF90 /* SBJsonStreamWriter.m */ = {isa = PBXFileReference; fileEncoding = 4; lastKnownFileType = sourcecode.c.objc; path = SBJsonStreamWriter.m; sourceTree = "<group>"; };
		CEF645EA1D1AC0F100E4BF90 /* SBJsonStreamWriterAccumulator.h */ = {isa = PBXFileReference; fileEncoding = 4; lastKnownFileType = sourcecode.c.h; path = SBJsonStreamWriterAccumulator.h; sourceTree = "<group>"; };
		CEF645EB1D1AC0F100E4BF90 /* SBJsonStreamWriterAccumulator.m */ = {isa = PBXFileReference; fileEncoding = 4; lastKnownFileType = sourcecode.c.objc; path = SBJsonStreamWriterAccumulator.m; sourceTree = "<group>"; };
		CEF645EC1D1AC0F100E4BF90 /* SBJsonStreamWriterState.h */ = {isa = PBXFileReference; fileEncoding = 4; lastKnownFileType = sourcecode.c.h; path = SBJsonStreamWriterState.h; sourceTree = "<group>"; };
		CEF645ED1D1AC0F100E4BF90 /* SBJsonStreamWriterState.m */ = {isa = PBXFileReference; fileEncoding = 4; lastKnownFileType = sourcecode.c.objc; path = SBJsonStreamWriterState.m; sourceTree = "<group>"; };
		CEF645EE1D1AC0F100E4BF90 /* SBJsonTokeniser.h */ = {isa = PBXFileReference; fileEncoding = 4; lastKnownFileType = sourcecode.c.h; path = SBJsonTokeniser.h; sourceTree = "<group>"; };
		CEF645EF1D1AC0F100E4BF90 /* SBJsonTokeniser.m */ = {isa = PBXFileReference; fileEncoding = 4; lastKnownFileType = sourcecode.c.objc; path = SBJsonTokeniser.m; sourceTree = "<group>"; };
		CEF645F01D1AC0F100E4BF90 /* SBJsonUTF8Stream.h */ = {isa = PBXFileReference; fileEncoding = 4; lastKnownFileType = sourcecode.c.h; path = SBJsonUTF8Stream.h; sourceTree = "<group>"; };
		CEF645F11D1AC0F100E4BF90 /* SBJsonUTF8Stream.m */ = {isa = PBXFileReference; fileEncoding = 4; lastKnownFileType = sourcecode.c.objc; path = SBJsonUTF8Stream.m; sourceTree = "<group>"; };
		CEF645F21D1AC0F100E4BF90 /* SBJsonWriter.h */ = {isa = PBXFileReference; fileEncoding = 4; lastKnownFileType = sourcecode.c.h; path = SBJsonWriter.h; sourceTree = "<group>"; };
		CEF645F31D1AC0F100E4BF90 /* SBJsonWriter.m */ = {isa = PBXFileReference; fileEncoding = 4; lastKnownFileType = sourcecode.c.objc; path = SBJsonWriter.m; sourceTree = "<group>"; };
		CEF646621D1ACF8C00E4BF90 /* HRPoliciesViewController.h */ = {isa = PBXFileReference; fileEncoding = 4; lastKnownFileType = sourcecode.c.h; path = HRPoliciesViewController.h; sourceTree = "<group>"; };
		CEF646631D1ACF8C00E4BF90 /* HRPoliciesViewController.m */ = {isa = PBXFileReference; fileEncoding = 4; lastKnownFileType = sourcecode.c.objc; path = HRPoliciesViewController.m; sourceTree = "<group>"; };
		CEF646641D1ACF8C00E4BF90 /* HRPoliciesViewController.xib */ = {isa = PBXFileReference; fileEncoding = 4; lastKnownFileType = file.xib; path = HRPoliciesViewController.xib; sourceTree = "<group>"; };
/* End PBXFileReference section */

/* Begin PBXFrameworksBuildPhase section */
		CEA20D331CE47D7F002B3656 /* Frameworks */ = {
			isa = PBXFrameworksBuildPhase;
			buildActionMask = 2147483647;
			files = (
				CE8E38E41D25726D00467E89 /* MessageUI.framework in Frameworks */,
				CE6E49271CF7076A0062D73B /* libz.1.dylib in Frameworks */,
				CE6E49251CF7066C0062D73B /* UIKit.framework in Frameworks */,
				CE6E49231CF706620062D73B /* Foundation.framework in Frameworks */,
				CE6E48291CF6F0FC0062D73B /* libz.1.2.5.tbd in Frameworks */,
				CE6E48271CF6F0860062D73B /* SystemConfiguration.framework in Frameworks */,
				CE6E48231CF6F06E0062D73B /* CoreGraphics.framework in Frameworks */,
				CE6E48211CF6F05A0062D73B /* MobileCoreServices.framework in Frameworks */,
				CE6E481F1CF6F0410062D73B /* CFNetwork.framework in Frameworks */,
			);
			runOnlyForDeploymentPostprocessing = 0;
		};
		CEA20D4C1CE47D7F002B3656 /* Frameworks */ = {
			isa = PBXFrameworksBuildPhase;
			buildActionMask = 2147483647;
			files = (
			);
			runOnlyForDeploymentPostprocessing = 0;
		};
		CEA20D571CE47D7F002B3656 /* Frameworks */ = {
			isa = PBXFrameworksBuildPhase;
			buildActionMask = 2147483647;
			files = (
			);
			runOnlyForDeploymentPostprocessing = 0;
		};
/* End PBXFrameworksBuildPhase section */

/* Begin PBXGroup section */
		CE705E391CFDBC05003243C0 /* images */ = {
			isa = PBXGroup;
			children = (
				CE7309131D40A58E001CC5D7 /* setting.png */,
				CE7E64381D1A74A100BD8BBB /* close.png */,
				CE00B8A41D1993F600476901 /* pic.jpg */,
				CE6CFC841D181692009C8538 /* pts_logo.png */,
				CE74D1681D141E6900E0485D /* user1.png */,
				CE74D16A1D141F3300E0485D /* user2.png */,
				CE74D1661D141E6300E0485D /* lock.png */,
				CE74D1641D141DDB00E0485D /* user.png */,
				CE74D1621D141D0A00E0485D /* emp.png */,
				CE74D1571D13E53000E0485D /* new Images */,
				CEA5F6851CEDDE5500048553 /* logout.jpeg */,
				CEA5F6811CEDDC9500048553 /* login2.jpeg */,
				CEA5F6871CEDDEFF00048553 /* dropdown.jpeg */,
				CEA5F6831CEDDDE900048553 /* smallButton.jpeg */,
				CE676B731CE4CA5C00D7B516 /* arrow-left_red.png */,
				CE7230661D267E8B00048571 /* HRPlc.png */,
			);
			name = images;
			sourceTree = "<group>";
		};
		CE74D1571D13E53000E0485D /* new Images */ = {
			isa = PBXGroup;
			children = (
				CE7C09671D13D158006228ED /* background.png */,
				CE74D1581D13E56400E0485D /* empApply.png */,
				CE00B8981D19727700476901 /* empDetails.png */,
				CE74D15E1D13E5B600E0485D /* empAvailable.png */,
				CE74D15A1D13E57400E0485D /* empholiday.png */,
				CE74D1601D13F5E900E0485D /* Lhistory.png */,
				CE74D15C1D13E59500E0485D /* managerview.png */,
			);
			name = "new Images";
			sourceTree = "<group>";
		};
		CEA20D2D1CE47D7F002B3656 = {
			isa = PBXGroup;
			children = (
				CE8E38E31D25726C00467E89 /* MessageUI.framework */,
				CE6E49261CF7076A0062D73B /* libz.1.dylib */,
				CE6E49241CF7066C0062D73B /* UIKit.framework */,
				CE6E49221CF706620062D73B /* Foundation.framework */,
				CE6E48281CF6F0FC0062D73B /* libz.1.2.5.tbd */,
				CE6E48261CF6F0860062D73B /* SystemConfiguration.framework */,
				CE6E48241CF6F07C0062D73B /* Security.framework */,
				CE6E48221CF6F06E0062D73B /* CoreGraphics.framework */,
				CE6E48201CF6F05A0062D73B /* MobileCoreServices.framework */,
				CE6E481E1CF6F0410062D73B /* CFNetwork.framework */,
				CEA20D381CE47D7F002B3656 /* LeaveManagement */,
				CEA20D521CE47D7F002B3656 /* LeaveManagementTests */,
				CEA20D5D1CE47D7F002B3656 /* LeaveManagementUITests */,
				CEA20D371CE47D7F002B3656 /* Products */,
			);
			sourceTree = "<group>";
		};
		CEA20D371CE47D7F002B3656 /* Products */ = {
			isa = PBXGroup;
			children = (
				CEA20D361CE47D7F002B3656 /* LeaveManagement.app */,
				CEA20D4F1CE47D7F002B3656 /* LeaveManagementTests.xctest */,
				CEA20D5A1CE47D7F002B3656 /* LeaveManagementUITests.xctest */,
			);
			name = Products;
			sourceTree = "<group>";
		};
		CEA20D381CE47D7F002B3656 /* LeaveManagement */ = {
			isa = PBXGroup;
			children = (
				CEF645C41D1AC0F100E4BF90 /* JSON */,
				CEF645B01D1AC06700E4BF90 /* Calendar */,
				CE705E391CFDBC05003243C0 /* images */,
				CEA20D3C1CE47D7F002B3656 /* AppDelegate.h */,
				CEA20D3D1CE47D7F002B3656 /* AppDelegate.m */,
				CEA20D6C1CE47E31002B3656 /* ViewController.h */,
				CEA20D6D1CE47E31002B3656 /* ViewController.m */,
				CEA20D6E1CE47E31002B3656 /* ViewController.xib */,
				CE7313EF1D1BF56A00C7116E /* ViewController_4s.xib */,
				CE7313F11D1BF65600C7116E /* ViewController_5s.xib */,
				CE6917601D3E75C2000D9103 /* ChangePasswordsViewController.h */,
				CE6917611D3E75C2000D9103 /* ChangePasswordsViewController.m */,
				CE6917621D3E75C2000D9103 /* ChangePasswordsViewController.xib */,
				CEA90BC91CE9AE4000AECA1A /* ApplyViewController.h */,
				CEA90BCA1CE9AE4000AECA1A /* ApplyViewController.m */,
				CEA90BCB1CE9AE4000AECA1A /* ApplyViewController.xib */,
				CEA90BCE1CE9B69400AECA1A /* ApplyViewCustomCell.h */,
				CEA90BCF1CE9B69400AECA1A /* ApplyViewCustomCell.m */,
				CEA90BD01CE9B69400AECA1A /* ApplyViewCustomCell.xib */,
				CE4EC46F1CEB72BD0008D731 /* ApplicationStatusViewController.h */,
				CE4EC4701CEB72BD0008D731 /* ApplicationStatusViewController.m */,
				CE4EC4711CEB72BD0008D731 /* ApplicationStatusViewController.xib */,
				CEF0FEE11CEC716600E40CD2 /* HolidaysViewController.h */,
				CE6CFC8F1D18277B009C8538 /* HolidaysViewController.m */,
				CEF0FEE31CEC716600E40CD2 /* HolidaysViewController.xib */,
				CE6CFC881D1821A1009C8538 /* YearHolidaysViewController.h */,
				CE6CFC891D1821A1009C8538 /* YearHolidaysViewController.m */,
				CE6CFC8A1D1821A1009C8538 /* YearHolidaysViewController.xib */,
				CE705E581CFDCA4E003243C0 /* HolidayCustomCellTableViewCell.h */,
				CE705E591CFDCA4E003243C0 /* HolidayCustomCellTableViewCell.m */,
				CE705E5A1CFDCA4E003243C0 /* HolidayCustomCellTableViewCell.xib */,
				CE698CA51CEF1F5C00E91BE7 /* ApprovalViewController.h */,
				CE698CA61CEF1F5C00E91BE7 /* ApprovalViewController.m */,
				CE698CA71CEF1F5C00E91BE7 /* ApprovalViewController.xib */,
				CE762FAC1D2138EF00E99B00 /* ApprovedCellTableViewCell.h */,
				CE762FAD1D2138F000E99B00 /* ApprovedCellTableViewCell.m */,
				CE762FAE1D2138F000E99B00 /* ApprovedCellTableViewCell.xib */,
				CE144A5E1D34E91F003CE6D1 /* ApprovedCellTableViewCell5.h */,
				CE144A5F1D34E91F003CE6D1 /* ApprovedCellTableViewCell5.m */,
				CE144A601D34E91F003CE6D1 /* ApprovedCellTableViewCell5.xib */,
				CE99CC0D1CF853340058CB24 /* DashboardViewController.h */,
				CE99CC0E1CF853340058CB24 /* DashboardViewController.m */,
				CE99CC0F1CF853340058CB24 /* DashboardViewController.xib */,
				CE00B89A1D19731A00476901 /* EmpDetailsViewController.h */,
				CE00B89B1D19731A00476901 /* EmpDetailsViewController.m */,
				CE00B89C1D19731A00476901 /* EmpDetailsViewController.xib */,
				CEA6D5111D2A909B005628DF /* AvailableLeavesViewController.h */,
				CEA6D5121D2A909B005628DF /* AvailableLeavesViewController.m */,
				CEA6D5131D2A909B005628DF /* AvailableLeavesViewController.xib */,
				CE00B89F1D1989EB00476901 /* EmpDataViewController.h */,
				CE00B8A01D1989EB00476901 /* EmpDataViewController.m */,
				CE00B8A11D1989EB00476901 /* EmpDataViewController.xib */,
				CE36D4E91D0A86CC00AA1F88 /* ApprovalTableviewCell.h */,
				CE36D4EA1D0A86CC00AA1F88 /* ApprovalTableviewCell.m */,
				CE36D4EB1D0A86CC00AA1F88 /* ApprovalTableviewCell.xib */,
				CEF646621D1ACF8C00E4BF90 /* HRPoliciesViewController.h */,
				CEF646631D1ACF8C00E4BF90 /* HRPoliciesViewController.m */,
				CEF646641D1ACF8C00E4BF90 /* HRPoliciesViewController.xib */,
				CEA20D451CE47D7F002B3656 /* Assets.xcassets */,
				CEA20D471CE47D7F002B3656 /* LaunchScreen.storyboard */,
				CE144A5A1D34CEFA003CE6D1 /* Launch Screen5.storyboard */,
				CEA20D4A1CE47D7F002B3656 /* Info.plist */,
				CEA20D391CE47D7F002B3656 /* Supporting Files */,
			);
			path = LeaveManagement;
			sourceTree = "<group>";
		};
		CEA20D391CE47D7F002B3656 /* Supporting Files */ = {
			isa = PBXGroup;
			children = (
				CEA20D3A1CE47D7F002B3656 /* main.m */,
			);
			name = "Supporting Files";
			sourceTree = "<group>";
		};
		CEA20D521CE47D7F002B3656 /* LeaveManagementTests */ = {
			isa = PBXGroup;
			children = (
				CEA20D531CE47D7F002B3656 /* LeaveManagementTests.m */,
				CEA20D551CE47D7F002B3656 /* Info.plist */,
			);
			path = LeaveManagementTests;
			sourceTree = "<group>";
		};
		CEA20D5D1CE47D7F002B3656 /* LeaveManagementUITests */ = {
			isa = PBXGroup;
			children = (
				CEA20D5E1CE47D7F002B3656 /* LeaveManagementUITests.m */,
				CEA20D601CE47D7F002B3656 /* Info.plist */,
			);
			path = LeaveManagementUITests;
			sourceTree = "<group>";
		};
		CEF645B01D1AC06700E4BF90 /* Calendar */ = {
			isa = PBXGroup;
			children = (
				CEF645B11D1AC06700E4BF90 /* Calendar-Prefix.pch */,
				CEF645B21D1AC06700E4BF90 /* CXCalendarCellView.h */,
				CEF645B31D1AC06700E4BF90 /* CXCalendarCellView.m */,
				CEF645B41D1AC06700E4BF90 /* CXCalendarView.h */,
				CEF645B51D1AC06700E4BF90 /* CXCalendarView.m */,
				CEF645B61D1AC06700E4BF90 /* CXMultidateCalendarView.h */,
				CEF645B71D1AC06700E4BF90 /* CXMultidateCalendarView.m */,
				CEF645B81D1AC06700E4BF90 /* UIButton+CXCalendar.h */,
				CEF645B91D1AC06700E4BF90 /* UIButton+CXCalendar.m */,
				CEF645BA1D1AC06700E4BF90 /* UIColor+CXCalendar.h */,
				CEF645BB1D1AC06700E4BF90 /* UIColor+CXCalendar.m */,
				CEF645BC1D1AC06700E4BF90 /* UILabel+CXCalendar.h */,
				CEF645BD1D1AC06700E4BF90 /* UILabel+CXCalendar.m */,
			);
			path = Calendar;
			sourceTree = "<group>";
		};
		CEF645C41D1AC0F100E4BF90 /* JSON */ = {
			isa = PBXGroup;
			children = (
				CEF645C51D1AC0F100E4BF90 /* ASIAuthenticationDialog.h */,
				CEF645C61D1AC0F100E4BF90 /* ASIAuthenticationDialog.m */,
				CEF645C71D1AC0F100E4BF90 /* ASICacheDelegate.h */,
				CEF645C81D1AC0F100E4BF90 /* ASIDataCompressor.h */,
				CEF645C91D1AC0F100E4BF90 /* ASIDataCompressor.m */,
				CEF645CA1D1AC0F100E4BF90 /* ASIDataDecompressor.h */,
				CEF645CB1D1AC0F100E4BF90 /* ASIDataDecompressor.m */,
				CEF645CC1D1AC0F100E4BF90 /* ASIDownloadCache.h */,
				CEF645CD1D1AC0F100E4BF90 /* ASIDownloadCache.m */,
				CEF645CE1D1AC0F100E4BF90 /* ASIFormDataRequest.h */,
				CEF645CF1D1AC0F100E4BF90 /* ASIFormDataRequest.m */,
				CEF645D01D1AC0F100E4BF90 /* ASIHTTPRequest.h */,
				CEF645D11D1AC0F100E4BF90 /* ASIHTTPRequest.m */,
				CEF645D21D1AC0F100E4BF90 /* ASIHTTPRequestConfig.h */,
				CEF645D31D1AC0F100E4BF90 /* ASIHTTPRequestDelegate.h */,
				CEF645D41D1AC0F100E4BF90 /* ASIInputStream.h */,
				CEF645D51D1AC0F100E4BF90 /* ASIInputStream.m */,
				CEF645D61D1AC0F100E4BF90 /* ASINetworkQueue.h */,
				CEF645D71D1AC0F100E4BF90 /* ASINetworkQueue.m */,
				CEF645D81D1AC0F100E4BF90 /* ASIProgressDelegate.h */,
				CEF645D91D1AC0F100E4BF90 /* NSObject+SBJson.h */,
				CEF645DA1D1AC0F100E4BF90 /* NSObject+SBJson.m */,
				CEF645DB1D1AC0F100E4BF90 /* Reachability.h */,
				CEF645DC1D1AC0F100E4BF90 /* Reachability.m */,
				CEF645DD1D1AC0F100E4BF90 /* SBJson.h */,
				CEF645DE1D1AC0F100E4BF90 /* SBJsonParser.h */,
				CEF645DF1D1AC0F100E4BF90 /* SBJsonParser.m */,
				CEF645E01D1AC0F100E4BF90 /* SBJsonStreamParser.h */,
				CEF645E11D1AC0F100E4BF90 /* SBJsonStreamParser.m */,
				CEF645E21D1AC0F100E4BF90 /* SBJsonStreamParserAccumulator.h */,
				CEF645E31D1AC0F100E4BF90 /* SBJsonStreamParserAccumulator.m */,
				CEF645E41D1AC0F100E4BF90 /* SBJsonStreamParserAdapter.h */,
				CEF645E51D1AC0F100E4BF90 /* SBJsonStreamParserAdapter.m */,
				CEF645E61D1AC0F100E4BF90 /* SBJsonStreamParserState.h */,
				CEF645E71D1AC0F100E4BF90 /* SBJsonStreamParserState.m */,
				CEF645E81D1AC0F100E4BF90 /* SBJsonStreamWriter.h */,
				CEF645E91D1AC0F100E4BF90 /* SBJsonStreamWriter.m */,
				CEF645EA1D1AC0F100E4BF90 /* SBJsonStreamWriterAccumulator.h */,
				CEF645EB1D1AC0F100E4BF90 /* SBJsonStreamWriterAccumulator.m */,
				CEF645EC1D1AC0F100E4BF90 /* SBJsonStreamWriterState.h */,
				CEF645ED1D1AC0F100E4BF90 /* SBJsonStreamWriterState.m */,
				CEF645EE1D1AC0F100E4BF90 /* SBJsonTokeniser.h */,
				CEF645EF1D1AC0F100E4BF90 /* SBJsonTokeniser.m */,
				CEF645F01D1AC0F100E4BF90 /* SBJsonUTF8Stream.h */,
				CEF645F11D1AC0F100E4BF90 /* SBJsonUTF8Stream.m */,
				CEF645F21D1AC0F100E4BF90 /* SBJsonWriter.h */,
				CEF645F31D1AC0F100E4BF90 /* SBJsonWriter.m */,
			);
			path = JSON;
			sourceTree = "<group>";
		};
/* End PBXGroup section */

/* Begin PBXNativeTarget section */
		CEA20D351CE47D7F002B3656 /* LeaveManagement */ = {
			isa = PBXNativeTarget;
			buildConfigurationList = CEA20D631CE47D7F002B3656 /* Build configuration list for PBXNativeTarget "LeaveManagement" */;
			buildPhases = (
				CEA20D321CE47D7F002B3656 /* Sources */,
				CEA20D331CE47D7F002B3656 /* Frameworks */,
				CEA20D341CE47D7F002B3656 /* Resources */,
			);
			buildRules = (
			);
			dependencies = (
			);
			name = LeaveManagement;
			productName = LeaveManagement;
			productReference = CEA20D361CE47D7F002B3656 /* LeaveManagement.app */;
			productType = "com.apple.product-type.application";
		};
		CEA20D4E1CE47D7F002B3656 /* LeaveManagementTests */ = {
			isa = PBXNativeTarget;
			buildConfigurationList = CEA20D661CE47D7F002B3656 /* Build configuration list for PBXNativeTarget "LeaveManagementTests" */;
			buildPhases = (
				CEA20D4B1CE47D7F002B3656 /* Sources */,
				CEA20D4C1CE47D7F002B3656 /* Frameworks */,
				CEA20D4D1CE47D7F002B3656 /* Resources */,
			);
			buildRules = (
			);
			dependencies = (
				CEA20D511CE47D7F002B3656 /* PBXTargetDependency */,
			);
			name = LeaveManagementTests;
			productName = LeaveManagementTests;
			productReference = CEA20D4F1CE47D7F002B3656 /* LeaveManagementTests.xctest */;
			productType = "com.apple.product-type.bundle.unit-test";
		};
		CEA20D591CE47D7F002B3656 /* LeaveManagementUITests */ = {
			isa = PBXNativeTarget;
			buildConfigurationList = CEA20D691CE47D7F002B3656 /* Build configuration list for PBXNativeTarget "LeaveManagementUITests" */;
			buildPhases = (
				CEA20D561CE47D7F002B3656 /* Sources */,
				CEA20D571CE47D7F002B3656 /* Frameworks */,
				CEA20D581CE47D7F002B3656 /* Resources */,
			);
			buildRules = (
			);
			dependencies = (
				CEA20D5C1CE47D7F002B3656 /* PBXTargetDependency */,
			);
			name = LeaveManagementUITests;
			productName = LeaveManagementUITests;
			productReference = CEA20D5A1CE47D7F002B3656 /* LeaveManagementUITests.xctest */;
			productType = "com.apple.product-type.bundle.ui-testing";
		};
/* End PBXNativeTarget section */

/* Begin PBXProject section */
		CEA20D2E1CE47D7F002B3656 /* Project object */ = {
			isa = PBXProject;
			attributes = {
				LastUpgradeCheck = 0730;
				ORGANIZATIONNAME = Pyramid;
				TargetAttributes = {
					CEA20D351CE47D7F002B3656 = {
						CreatedOnToolsVersion = 7.2.1;
						DevelopmentTeam = 8RULK8Z9GW;
					};
					CEA20D4E1CE47D7F002B3656 = {
						CreatedOnToolsVersion = 7.2.1;
						DevelopmentTeam = 8RULK8Z9GW;
						TestTargetID = CEA20D351CE47D7F002B3656;
					};
					CEA20D591CE47D7F002B3656 = {
						CreatedOnToolsVersion = 7.2.1;
						DevelopmentTeam = 8RULK8Z9GW;
						TestTargetID = CEA20D351CE47D7F002B3656;
					};
				};
			};
			buildConfigurationList = CEA20D311CE47D7F002B3656 /* Build configuration list for PBXProject "LeaveManagement" */;
			compatibilityVersion = "Xcode 3.2";
			developmentRegion = English;
			hasScannedForEncodings = 0;
			knownRegions = (
				en,
				Base,
			);
			mainGroup = CEA20D2D1CE47D7F002B3656;
			productRefGroup = CEA20D371CE47D7F002B3656 /* Products */;
			projectDirPath = "";
			projectRoot = "";
			targets = (
				CEA20D351CE47D7F002B3656 /* LeaveManagement */,
				CEA20D4E1CE47D7F002B3656 /* LeaveManagementTests */,
				CEA20D591CE47D7F002B3656 /* LeaveManagementUITests */,
			);
		};
/* End PBXProject section */

/* Begin PBXResourcesBuildPhase section */
		CEA20D341CE47D7F002B3656 /* Resources */ = {
			isa = PBXResourcesBuildPhase;
			buildActionMask = 2147483647;
			files = (
				CE6CFC851D181692009C8538 /* pts_logo.png in Resources */,
				CE74D15B1D13E57400E0485D /* empholiday.png in Resources */,
				CEA5F6821CEDDC9500048553 /* login2.jpeg in Resources */,
				CE00B8A51D1993F600476901 /* pic.jpg in Resources */,
				CE74D1591D13E56400E0485D /* empApply.png in Resources */,
				CEA5F6841CEDDDE900048553 /* smallButton.jpeg in Resources */,
				CE74D1671D141E6300E0485D /* lock.png in Resources */,
				CE6917641D3E75C2000D9103 /* ChangePasswordsViewController.xib in Resources */,
				CEA5F6861CEDDE5500048553 /* logout.jpeg in Resources */,
				CE74D1651D141DDB00E0485D /* user.png in Resources */,
				CEA20D491CE47D7F002B3656 /* LaunchScreen.storyboard in Resources */,
				CE7C09681D13D158006228ED /* background.png in Resources */,
				CE7313F21D1BF65600C7116E /* ViewController_5s.xib in Resources */,
				CE74D15F1D13E5B600E0485D /* empAvailable.png in Resources */,
				CEA5F6881CEDDEFF00048553 /* dropdown.jpeg in Resources */,
				CEA90BCD1CE9AE4000AECA1A /* ApplyViewController.xib in Resources */,
				CE74D1631D141D0B00E0485D /* emp.png in Resources */,
				CE00B8A31D1989EB00476901 /* EmpDataViewController.xib in Resources */,
				CEA6D5151D2A909B005628DF /* AvailableLeavesViewController.xib in Resources */,
				CE74D1611D13F5E900E0485D /* Lhistory.png in Resources */,
				CEF0FEE51CEC716600E40CD2 /* HolidaysViewController.xib in Resources */,
				CEF646661D1ACF8C00E4BF90 /* HRPoliciesViewController.xib in Resources */,
				CEA20D701CE47E31002B3656 /* ViewController.xib in Resources */,
				CE00B89E1D19731A00476901 /* EmpDetailsViewController.xib in Resources */,
				CEA90BD21CE9B69400AECA1A /* ApplyViewCustomCell.xib in Resources */,
				CE7230671D267E8B00048571 /* HRPlc.png in Resources */,
				CE698CA91CEF1F5C00E91BE7 /* ApprovalViewController.xib in Resources */,
				CE4EC4731CEB72BD0008D731 /* ApplicationStatusViewController.xib in Resources */,
				CE144A621D34E91F003CE6D1 /* ApprovedCellTableViewCell5.xib in Resources */,
				CE676B741CE4CA5C00D7B516 /* arrow-left_red.png in Resources */,
				CE74D15D1D13E59500E0485D /* managerview.png in Resources */,
				CE7309141D40A58E001CC5D7 /* setting.png in Resources */,
				CE74D1691D141E6900E0485D /* user1.png in Resources */,
				CE144A5B1D34CEFA003CE6D1 /* Launch Screen5.storyboard in Resources */,
				CE00B8991D19727700476901 /* empDetails.png in Resources */,
				CE7313F01D1BF56A00C7116E /* ViewController_4s.xib in Resources */,
				CE7E64391D1A74A100BD8BBB /* close.png in Resources */,
				CE6CFC8C1D1821A1009C8538 /* YearHolidaysViewController.xib in Resources */,
				CE99CC111CF853340058CB24 /* DashboardViewController.xib in Resources */,
				CEA20D461CE47D7F002B3656 /* Assets.xcassets in Resources */,
				CE74D16B1D141F3300E0485D /* user2.png in Resources */,
				CE762FB01D2138F000E99B00 /* ApprovedCellTableViewCell.xib in Resources */,
				CE36D4ED1D0A86CC00AA1F88 /* ApprovalTableviewCell.xib in Resources */,
				CE705E5C1CFDCA4E003243C0 /* HolidayCustomCellTableViewCell.xib in Resources */,
			);
			runOnlyForDeploymentPostprocessing = 0;
		};
		CEA20D4D1CE47D7F002B3656 /* Resources */ = {
			isa = PBXResourcesBuildPhase;
			buildActionMask = 2147483647;
			files = (
			);
			runOnlyForDeploymentPostprocessing = 0;
		};
		CEA20D581CE47D7F002B3656 /* Resources */ = {
			isa = PBXResourcesBuildPhase;
			buildActionMask = 2147483647;
			files = (
			);
			runOnlyForDeploymentPostprocessing = 0;
		};
/* End PBXResourcesBuildPhase section */

/* Begin PBXSourcesBuildPhase section */
		CEA20D321CE47D7F002B3656 /* Sources */ = {
			isa = PBXSourcesBuildPhase;
			buildActionMask = 2147483647;
			files = (
				CE4EC4721CEB72BD0008D731 /* ApplicationStatusViewController.m in Sources */,
				CEA20D6F1CE47E31002B3656 /* ViewController.m in Sources */,
				CEA20D3E1CE47D7F002B3656 /* AppDelegate.m in Sources */,
				CEF646021D1AC0F100E4BF90 /* SBJsonStreamParserState.m in Sources */,
				CEF646011D1AC0F100E4BF90 /* SBJsonStreamParserAdapter.m in Sources */,
				CE00B89D1D19731A00476901 /* EmpDetailsViewController.m in Sources */,
				CEF646651D1ACF8C00E4BF90 /* HRPoliciesViewController.m in Sources */,
				CE705E5B1CFDCA4E003243C0 /* HolidayCustomCellTableViewCell.m in Sources */,
				CEF645C31D1AC06700E4BF90 /* UILabel+CXCalendar.m in Sources */,
				CEA90BCC1CE9AE4000AECA1A /* ApplyViewController.m in Sources */,
				CEF646071D1AC0F100E4BF90 /* SBJsonUTF8Stream.m in Sources */,
				CEA90BD11CE9B69400AECA1A /* ApplyViewCustomCell.m in Sources */,
				CEF645C21D1AC06700E4BF90 /* UIColor+CXCalendar.m in Sources */,
				CEF646061D1AC0F100E4BF90 /* SBJsonTokeniser.m in Sources */,
				CE144A611D34E91F003CE6D1 /* ApprovedCellTableViewCell5.m in Sources */,
				CEF645F71D1AC0F100E4BF90 /* ASIDownloadCache.m in Sources */,
				CE6917631D3E75C2000D9103 /* ChangePasswordsViewController.m in Sources */,
				CEF645BE1D1AC06700E4BF90 /* CXCalendarCellView.m in Sources */,
				CEF646081D1AC0F100E4BF90 /* SBJsonWriter.m in Sources */,
				CEF645FC1D1AC0F100E4BF90 /* NSObject+SBJson.m in Sources */,
				CEF645F81D1AC0F100E4BF90 /* ASIFormDataRequest.m in Sources */,
				CEA6D5141D2A909B005628DF /* AvailableLeavesViewController.m in Sources */,
				CEF646051D1AC0F100E4BF90 /* SBJsonStreamWriterState.m in Sources */,
				CEF646041D1AC0F100E4BF90 /* SBJsonStreamWriterAccumulator.m in Sources */,
				CEF645F41D1AC0F100E4BF90 /* ASIAuthenticationDialog.m in Sources */,
				CE762FAF1D2138F000E99B00 /* ApprovedCellTableViewCell.m in Sources */,
				CE6CFC901D18277B009C8538 /* HolidaysViewController.m in Sources */,
				CEF646001D1AC0F100E4BF90 /* SBJsonStreamParserAccumulator.m in Sources */,
				CE99CC101CF853340058CB24 /* DashboardViewController.m in Sources */,
				CE00B8A21D1989EB00476901 /* EmpDataViewController.m in Sources */,
				CE6CFC8B1D1821A1009C8538 /* YearHolidaysViewController.m in Sources */,
				CEF645FB1D1AC0F100E4BF90 /* ASINetworkQueue.m in Sources */,
				CEF645F51D1AC0F100E4BF90 /* ASIDataCompressor.m in Sources */,
				CEF645C11D1AC06700E4BF90 /* UIButton+CXCalendar.m in Sources */,
				CEA20D3B1CE47D7F002B3656 /* main.m in Sources */,
				CEF645FA1D1AC0F100E4BF90 /* ASIInputStream.m in Sources */,
				CE36D4EC1D0A86CC00AA1F88 /* ApprovalTableviewCell.m in Sources */,
				CEF645F91D1AC0F100E4BF90 /* ASIHTTPRequest.m in Sources */,
				CEF645C01D1AC06700E4BF90 /* CXMultidateCalendarView.m in Sources */,
				CEF646031D1AC0F100E4BF90 /* SBJsonStreamWriter.m in Sources */,
				CEF645BF1D1AC06700E4BF90 /* CXCalendarView.m in Sources */,
				CEF645F61D1AC0F100E4BF90 /* ASIDataDecompressor.m in Sources */,
				CE698CA81CEF1F5C00E91BE7 /* ApprovalViewController.m in Sources */,
				CEF645FD1D1AC0F100E4BF90 /* Reachability.m in Sources */,
				CEF645FE1D1AC0F100E4BF90 /* SBJsonParser.m in Sources */,
				CEF645FF1D1AC0F100E4BF90 /* SBJsonStreamParser.m in Sources */,
			);
			runOnlyForDeploymentPostprocessing = 0;
		};
		CEA20D4B1CE47D7F002B3656 /* Sources */ = {
			isa = PBXSourcesBuildPhase;
			buildActionMask = 2147483647;
			files = (
				CEA20D541CE47D7F002B3656 /* LeaveManagementTests.m in Sources */,
			);
			runOnlyForDeploymentPostprocessing = 0;
		};
		CEA20D561CE47D7F002B3656 /* Sources */ = {
			isa = PBXSourcesBuildPhase;
			buildActionMask = 2147483647;
			files = (
				CEA20D5F1CE47D7F002B3656 /* LeaveManagementUITests.m in Sources */,
			);
			runOnlyForDeploymentPostprocessing = 0;
		};
/* End PBXSourcesBuildPhase section */

/* Begin PBXTargetDependency section */
		CEA20D511CE47D7F002B3656 /* PBXTargetDependency */ = {
			isa = PBXTargetDependency;
			target = CEA20D351CE47D7F002B3656 /* LeaveManagement */;
			targetProxy = CEA20D501CE47D7F002B3656 /* PBXContainerItemProxy */;
		};
		CEA20D5C1CE47D7F002B3656 /* PBXTargetDependency */ = {
			isa = PBXTargetDependency;
			target = CEA20D351CE47D7F002B3656 /* LeaveManagement */;
			targetProxy = CEA20D5B1CE47D7F002B3656 /* PBXContainerItemProxy */;
		};
/* End PBXTargetDependency section */

/* Begin PBXVariantGroup section */
		CEA20D471CE47D7F002B3656 /* LaunchScreen.storyboard */ = {
			isa = PBXVariantGroup;
			children = (
				CEA20D481CE47D7F002B3656 /* Base */,
			);
			name = LaunchScreen.storyboard;
			sourceTree = "<group>";
		};
/* End PBXVariantGroup section */

/* Begin XCBuildConfiguration section */
		CEA20D611CE47D7F002B3656 /* Debug */ = {
			isa = XCBuildConfiguration;
			buildSettings = {
				ALWAYS_SEARCH_USER_PATHS = NO;
				CLANG_CXX_LANGUAGE_STANDARD = "gnu++0x";
				CLANG_CXX_LIBRARY = "libc++";
				CLANG_ENABLE_MODULES = YES;
				CLANG_ENABLE_OBJC_ARC = YES;
				CLANG_WARN_BOOL_CONVERSION = YES;
				CLANG_WARN_CONSTANT_CONVERSION = YES;
				CLANG_WARN_DIRECT_OBJC_ISA_USAGE = YES_ERROR;
				CLANG_WARN_EMPTY_BODY = YES;
				CLANG_WARN_ENUM_CONVERSION = YES;
				CLANG_WARN_INT_CONVERSION = YES;
				CLANG_WARN_OBJC_ROOT_CLASS = YES_ERROR;
				CLANG_WARN_UNREACHABLE_CODE = YES;
				CLANG_WARN__DUPLICATE_METHOD_MATCH = YES;
				"CODE_SIGN_IDENTITY[sdk=iphoneos*]" = "iPhone Developer";
				COPY_PHASE_STRIP = NO;
				DEBUG_INFORMATION_FORMAT = dwarf;
				ENABLE_STRICT_OBJC_MSGSEND = YES;
				ENABLE_TESTABILITY = YES;
				GCC_C_LANGUAGE_STANDARD = gnu99;
				GCC_DYNAMIC_NO_PIC = NO;
				GCC_NO_COMMON_BLOCKS = YES;
				GCC_OPTIMIZATION_LEVEL = 0;
				GCC_PREPROCESSOR_DEFINITIONS = (
					"DEBUG=1",
					"$(inherited)",
				);
				GCC_WARN_64_TO_32_BIT_CONVERSION = YES;
				GCC_WARN_ABOUT_RETURN_TYPE = YES_ERROR;
				GCC_WARN_UNDECLARED_SELECTOR = YES;
				GCC_WARN_UNINITIALIZED_AUTOS = YES_AGGRESSIVE;
				GCC_WARN_UNUSED_FUNCTION = YES;
				GCC_WARN_UNUSED_VARIABLE = YES;
				IPHONEOS_DEPLOYMENT_TARGET = 9.0;
				MTL_ENABLE_DEBUG_INFO = YES;
				ONLY_ACTIVE_ARCH = YES;
				SDKROOT = iphoneos;
			};
			name = Debug;
		};
		CEA20D621CE47D7F002B3656 /* Release */ = {
			isa = XCBuildConfiguration;
			buildSettings = {
				ALWAYS_SEARCH_USER_PATHS = NO;
				CLANG_CXX_LANGUAGE_STANDARD = "gnu++0x";
				CLANG_CXX_LIBRARY = "libc++";
				CLANG_ENABLE_MODULES = YES;
				CLANG_ENABLE_OBJC_ARC = YES;
				CLANG_WARN_BOOL_CONVERSION = YES;
				CLANG_WARN_CONSTANT_CONVERSION = YES;
				CLANG_WARN_DIRECT_OBJC_ISA_USAGE = YES_ERROR;
				CLANG_WARN_EMPTY_BODY = YES;
				CLANG_WARN_ENUM_CONVERSION = YES;
				CLANG_WARN_INT_CONVERSION = YES;
				CLANG_WARN_OBJC_ROOT_CLASS = YES_ERROR;
				CLANG_WARN_UNREACHABLE_CODE = YES;
				CLANG_WARN__DUPLICATE_METHOD_MATCH = YES;
				"CODE_SIGN_IDENTITY[sdk=iphoneos*]" = "iPhone Developer";
				COPY_PHASE_STRIP = NO;
				DEBUG_INFORMATION_FORMAT = "dwarf-with-dsym";
				ENABLE_NS_ASSERTIONS = NO;
				ENABLE_STRICT_OBJC_MSGSEND = YES;
				GCC_C_LANGUAGE_STANDARD = gnu99;
				GCC_NO_COMMON_BLOCKS = YES;
				GCC_WARN_64_TO_32_BIT_CONVERSION = YES;
				GCC_WARN_ABOUT_RETURN_TYPE = YES_ERROR;
				GCC_WARN_UNDECLARED_SELECTOR = YES;
				GCC_WARN_UNINITIALIZED_AUTOS = YES_AGGRESSIVE;
				GCC_WARN_UNUSED_FUNCTION = YES;
				GCC_WARN_UNUSED_VARIABLE = YES;
				IPHONEOS_DEPLOYMENT_TARGET = 9.0;
				MTL_ENABLE_DEBUG_INFO = NO;
				SDKROOT = iphoneos;
				VALIDATE_PRODUCT = YES;
			};
			name = Release;
		};
		CEA20D641CE47D7F002B3656 /* Debug */ = {
			isa = XCBuildConfiguration;
			buildSettings = {
				ASSETCATALOG_COMPILER_APPICON_NAME = AppIcon;
				CODE_SIGN_IDENTITY = "iPhone Developer";
				"CODE_SIGN_IDENTITY[sdk=iphoneos*]" = "iPhone Developer";
				HEADER_SEARCH_PATHS = "${SDK_DIR}/usr/include/libxml2";
				INFOPLIST_FILE = LeaveManagement/Info.plist;
				IPHONEOS_DEPLOYMENT_TARGET = 8.0;
				LD_RUNPATH_SEARCH_PATHS = "$(inherited) @executable_path/Frameworks";
				PRODUCT_BUNDLE_IDENTIFIER = com.pyramidIndia.LeaveManagement;
				PRODUCT_NAME = "$(TARGET_NAME)";
				PROVISIONING_PROFILE = "";
			};
			name = Debug;
		};
		CEA20D651CE47D7F002B3656 /* Release */ = {
			isa = XCBuildConfiguration;
			buildSettings = {
				ASSETCATALOG_COMPILER_APPICON_NAME = AppIcon;
				CODE_SIGN_IDENTITY = "iPhone Developer";
				"CODE_SIGN_IDENTITY[sdk=iphoneos*]" = "iPhone Developer";
				HEADER_SEARCH_PATHS = "${SDK_DIR}/usr/include/libxml2";
				INFOPLIST_FILE = LeaveManagement/Info.plist;
				IPHONEOS_DEPLOYMENT_TARGET = 8.0;
				LD_RUNPATH_SEARCH_PATHS = "$(inherited) @executable_path/Frameworks";
				PRODUCT_BUNDLE_IDENTIFIER = com.pyramidIndia.LeaveManagement;
				PRODUCT_NAME = "$(TARGET_NAME)";
				PROVISIONING_PROFILE = "";
			};
			name = Release;
		};
		CEA20D671CE47D7F002B3656 /* Debug */ = {
			isa = XCBuildConfiguration;
			buildSettings = {
				BUNDLE_LOADER = "$(TEST_HOST)";
				INFOPLIST_FILE = LeaveManagementTests/Info.plist;
				LD_RUNPATH_SEARCH_PATHS = "$(inherited) @executable_path/Frameworks @loader_path/Frameworks";
				PRODUCT_BUNDLE_IDENTIFIER = com.pyramidIndia.LeaveManagementTests;
				PRODUCT_NAME = "$(TARGET_NAME)";
				TEST_HOST = "$(BUILT_PRODUCTS_DIR)/LeaveManagement.app/LeaveManagement";
			};
			name = Debug;
		};
		CEA20D681CE47D7F002B3656 /* Release */ = {
			isa = XCBuildConfiguration;
			buildSettings = {
				BUNDLE_LOADER = "$(TEST_HOST)";
				INFOPLIST_FILE = LeaveManagementTests/Info.plist;
				LD_RUNPATH_SEARCH_PATHS = "$(inherited) @executable_path/Frameworks @loader_path/Frameworks";
				PRODUCT_BUNDLE_IDENTIFIER = com.pyramidIndia.LeaveManagementTests;
				PRODUCT_NAME = "$(TARGET_NAME)";
				TEST_HOST = "$(BUILT_PRODUCTS_DIR)/LeaveManagement.app/LeaveManagement";
			};
			name = Release;
		};
		CEA20D6A1CE47D7F002B3656 /* Debug */ = {
			isa = XCBuildConfiguration;
			buildSettings = {
				CODE_SIGN_IDENTITY = "iPhone Developer";
				"CODE_SIGN_IDENTITY[sdk=iphoneos*]" = "iPhone Developer: kishore kumar nagalla (YV6SKVA27N)";
				INFOPLIST_FILE = LeaveManagementUITests/Info.plist;
				LD_RUNPATH_SEARCH_PATHS = "$(inherited) @executable_path/Frameworks @loader_path/Frameworks";
				PRODUCT_BUNDLE_IDENTIFIER = com.pyramidIndia.LeaveManagementUITests;
				PRODUCT_NAME = "$(TARGET_NAME)";
				PROVISIONING_PROFILE = "dc95c1d1-5cdf-40df-bda4-9ceb3fefa892";
				TEST_TARGET_NAME = LeaveManagement;
				USES_XCTRUNNER = YES;
			};
			name = Debug;
		};
		CEA20D6B1CE47D7F002B3656 /* Release */ = {
			isa = XCBuildConfiguration;
			buildSettings = {
				CODE_SIGN_IDENTITY = "iPhone Developer";
				"CODE_SIGN_IDENTITY[sdk=iphoneos*]" = "iPhone Developer: kishore kumar nagalla (YV6SKVA27N)";
				INFOPLIST_FILE = LeaveManagementUITests/Info.plist;
				LD_RUNPATH_SEARCH_PATHS = "$(inherited) @executable_path/Frameworks @loader_path/Frameworks";
				PRODUCT_BUNDLE_IDENTIFIER = com.pyramidIndia.LeaveManagementUITests;
				PRODUCT_NAME = "$(TARGET_NAME)";
				PROVISIONING_PROFILE = "dc95c1d1-5cdf-40df-bda4-9ceb3fefa892";
				TEST_TARGET_NAME = LeaveManagement;
				USES_XCTRUNNER = YES;
			};
			name = Release;
		};
/* End XCBuildConfiguration section */

/* Begin XCConfigurationList section */
		CEA20D311CE47D7F002B3656 /* Build configuration list for PBXProject "LeaveManagement" */ = {
			isa = XCConfigurationList;
			buildConfigurations = (
				CEA20D611CE47D7F002B3656 /* Debug */,
				CEA20D621CE47D7F002B3656 /* Release */,
			);
			defaultConfigurationIsVisible = 0;
			defaultConfigurationName = Release;
		};
		CEA20D631CE47D7F002B3656 /* Build configuration list for PBXNativeTarget "LeaveManagement" */ = {
			isa = XCConfigurationList;
			buildConfigurations = (
				CEA20D641CE47D7F002B3656 /* Debug */,
				CEA20D651CE47D7F002B3656 /* Release */,
			);
			defaultConfigurationIsVisible = 0;
			defaultConfigurationName = Release;
		};
		CEA20D661CE47D7F002B3656 /* Build configuration list for PBXNativeTarget "LeaveManagementTests" */ = {
			isa = XCConfigurationList;
			buildConfigurations = (
				CEA20D671CE47D7F002B3656 /* Debug */,
				CEA20D681CE47D7F002B3656 /* Release */,
			);
			defaultConfigurationIsVisible = 0;
			defaultConfigurationName = Release;
		};
		CEA20D691CE47D7F002B3656 /* Build configuration list for PBXNativeTarget "LeaveManagementUITests" */ = {
			isa = XCConfigurationList;
			buildConfigurations = (
				CEA20D6A1CE47D7F002B3656 /* Debug */,
				CEA20D6B1CE47D7F002B3656 /* Release */,
			);
			defaultConfigurationIsVisible = 0;
			defaultConfigurationName = Release;
		};
/* End XCConfigurationList section */
	};
	rootObject = CEA20D2E1CE47D7F002B3656 /* Project object */;
}
